<?xml version="1.0" encoding="utf-8"?>
<Project ToolsVersion="4.0" xmlns="http://schemas.microsoft.com/developer/msbuild/2003">
  <ItemGroup>
    <Filter Include="platform">
      <UniqueIdentifier>{4A63C33C-3630-1E48-5F49-0CF04B7553D6}</UniqueIdentifier>
    </Filter>
    <Filter Include="platform\opengl">
      <UniqueIdentifier>{9E4DBFD0-0AD9-2C95-13EA-AF897FF48895}</UniqueIdentifier>
    </Filter>
    <Filter Include="platform\opengl\buffer">
      <UniqueIdentifier>{E7A59150-D39F-BAA2-BC0C-51B3A8A5200F}</UniqueIdentifier>
    </Filter>
    <Filter Include="platform\opengl\capabilities">
      <UniqueIdentifier>{37D9FFA9-2394-EF55-CC4B-68A0B8E539E6}</UniqueIdentifier>
    </Filter>
    <Filter Include="platform\opengl\framework">
      <UniqueIdentifier>{BB078CCA-27CA-BF54-707A-4EE1DC7B9832}</UniqueIdentifier>
    </Filter>
    <Filter Include="platform\opengl\framework\context">
      <UniqueIdentifier>{6FA55944-DB13-AFC3-24FD-69C390AAA45F}</UniqueIdentifier>
    </Filter>
    <Filter Include="platform\opengl\framework\swapchain">
      <UniqueIdentifier>{0882F778-743B-6223-FD9A-7CFD69531893}</UniqueIdentifier>
    </Filter>
    <Filter Include="platform\opengl\rendering">
      <UniqueIdentifier>{8B54BD14-F716-F19E-40C7-7F2BACC8C97C}</UniqueIdentifier>
    </Filter>
    <Filter Include="platform\opengl\rendering\framebuffer">
      <UniqueIdentifier>{5F564953-CB1A-4843-9480-780D0004E478}</UniqueIdentifier>
    </Filter>
    <Filter Include="platform\opengl\rendering\pipeline">
      <UniqueIdentifier>{30E5A3C1-1C21-A72B-8533-BF22718E4F46}</UniqueIdentifier>
    </Filter>
    <Filter Include="platform\opengl\rendering\renderStage">
      <UniqueIdentifier>{0E990C1E-7A5D-0B0E-43C3-3BD8AF46A743}</UniqueIdentifier>
    </Filter>
    <Filter Include="platform\opengl\rendering\shaders">
      <UniqueIdentifier>{846C8E84-F0DA-E303-39C4-9E03A571D99F}</UniqueIdentifier>
    </Filter>
    <Filter Include="platform\opengl\rendering\shaders\atmosphere">
      <UniqueIdentifier>{4B430792-3756-07EB-E03F-E4D7CC31A438}</UniqueIdentifier>
    </Filter>
    <Filter Include="platform\opengl\rendering\shaders\environmentMap">
      <UniqueIdentifier>{2645CD03-12EE-3433-3B84-50B2278C4F74}</UniqueIdentifier>
    </Filter>
    <Filter Include="platform\opengl\rendering\shaders\forwardPlus">
      <UniqueIdentifier>{0C4CC59C-78BC-C715-41DB-419EAD0A0017}</UniqueIdentifier>
    </Filter>
    <Filter Include="platform\opengl\rendering\shaders\gpgpu">
      <UniqueIdentifier>{7640E0EE-E2CF-A1D9-EBCB-82F157DADCE5}</UniqueIdentifier>
    </Filter>
    <Filter Include="platform\opengl\rendering\shaders\gui">
      <UniqueIdentifier>{F89954C7-645E-53B7-2DC4-83819947EFEC}</UniqueIdentifier>
    </Filter>
    <Filter Include="platform\opengl\rendering\shaders\pbr">
      <UniqueIdentifier>{D7BD54C7-4382-53B7-0CE8-8381786BEFEC}</UniqueIdentifier>
    </Filter>
    <Filter Include="platform\opengl\rendering\shaders\postProcessing">
      <UniqueIdentifier>{1663F4C5-020C-5CF5-2BA2-777417AA7636}</UniqueIdentifier>
    </Filter>
    <Filter Include="platform\opengl\rendering\shaders\shadow">
      <UniqueIdentifier>{19F551E6-0572-4529-2EEF-453D1ACBE1BC}</UniqueIdentifier>
    </Filter>
    <Filter Include="platform\opengl\rendering\shaders\terrain">
      <UniqueIdentifier>{086CC6F7-7486-2999-BDA8-392D290251A0}</UniqueIdentifier>
    </Filter>
    <Filter Include="platform\opengl\texture">
      <UniqueIdentifier>{1EC959A8-8A00-A23F-930A-0663FFC0C838}</UniqueIdentifier>
    </Filter>
    <Filter Include="platform\vulkan">
      <UniqueIdentifier>{AAAD71E1-1639-DFA5-1F4A-629A8B543BA6}</UniqueIdentifier>
    </Filter>
    <Filter Include="platform\vulkan\buffer">
      <UniqueIdentifier>{7300EE27-5FFA-167A-4867-AD8A34007DE6}</UniqueIdentifier>
    </Filter>
    <Filter Include="platform\vulkan\capabilities">
      <UniqueIdentifier>{C3EC90A8-AFA7-8054-585F-F99E44F9CAE4}</UniqueIdentifier>
    </Filter>
    <Filter Include="platform\vulkan\framework">
      <UniqueIdentifier>{C7E60EE6-33A9-4270-7C59-D1FCE85A1B4E}</UniqueIdentifier>
    </Filter>
    <Filter Include="platform\vulkan\framework\context">
      <UniqueIdentifier>{7BD0209E-E73E-761D-3028-311D9CD56BB9}</UniqueIdentifier>
    </Filter>
    <Filter Include="platform\vulkan\framework\device">
      <UniqueIdentifier>{A6D257A9-9223-43EB-BB87-31ADA737D654}</UniqueIdentifier>
    </Filter>
    <Filter Include="platform\vulkan\framework\queue">
      <UniqueIdentifier>{FBCB89D7-67AF-9817-70B2-C653DC145F68}</UniqueIdentifier>
    </Filter>
    <Filter Include="platform\vulkan\framework\surface">
      <UniqueIdentifier>{3F31047C-AB9F-59FB-F488-14FB60364F97}</UniqueIdentifier>
    </Filter>
    <Filter Include="platform\vulkan\framework\swapchain">
      <UniqueIdentifier>{14A03561-8059-A00B-09B9-BAE57571567B}</UniqueIdentifier>
    </Filter>
    <Filter Include="platform\vulkan\rendering">
      <UniqueIdentifier>{97334030-03F6-73BA-4CA6-0247B8A74C98}</UniqueIdentifier>
    </Filter>
    <Filter Include="platform\vulkan\rendering\command">
      <UniqueIdentifier>{C5EBE31F-315A-399F-7A43-F49EE6F02E3B}</UniqueIdentifier>
    </Filter>
    <Filter Include="platform\vulkan\rendering\descriptors">
      <UniqueIdentifier>{788C28F3-E450-27E3-ADB6-57AD193AC318}</UniqueIdentifier>
    </Filter>
    <Filter Include="platform\vulkan\rendering\framebuffer">
      <UniqueIdentifier>{6B278743-D7EB-8533-A051-B6FD0CD52169}</UniqueIdentifier>
    </Filter>
    <Filter Include="platform\vulkan\rendering\pipeline">
      <UniqueIdentifier>{BC715054-A8AD-53BE-11C0-6BB5FD1AFCD8}</UniqueIdentifier>
    </Filter>
    <Filter Include="platform\vulkan\rendering\renderpass">
      <UniqueIdentifier>{9D1F29AB-8906-EBA2-3257-51C01E1D6409}</UniqueIdentifier>
    </Filter>
    <Filter Include="platform\vulkan\rendering\shaders">
      <UniqueIdentifier>{909755DE-FC05-AB5D-45EF-655DB19CA0F9}</UniqueIdentifier>
    </Filter>
    <Filter Include="platform\vulkan\rendering\shaders\basic">
      <UniqueIdentifier>{610274E5-CD91-35D0-D68D-16E8429C70DC}</UniqueIdentifier>
    </Filter>
    <Filter Include="platform\vulkan\rendering\shaders\pbr">
      <UniqueIdentifier>{E38E92B7-4F53-91A7-18B9-C171843C2DDD}</UniqueIdentifier>
    </Filter>
    <Filter Include="platform\vulkan\rendering\synchronisation">
      <UniqueIdentifier>{91CB8EFE-FDE5-F19F-4608-0234B26119A7}</UniqueIdentifier>
    </Filter>
    <Filter Include="platform\vulkan\texture">
      <UniqueIdentifier>{2A75416B-96AC-8902-9FB6-ED250B6DB0FB}</UniqueIdentifier>
    </Filter>
    <Filter Include="platform\vulkan\util">
      <UniqueIdentifier>{576BA78C-43FA-3056-EC18-4551D88641FC}</UniqueIdentifier>
    </Filter>
    <Filter Include="platform\windows">
      <UniqueIdentifier>{A44FC440-9048-E392-B97A-C817A5D2C29E}</UniqueIdentifier>
    </Filter>
    <Filter Include="prehistoric">
      <UniqueIdentifier>{B1DCDAA7-1D92-539D-A686-4D74123B4AA1}</UniqueIdentifier>
    </Filter>
    <Filter Include="prehistoric\application">
      <UniqueIdentifier>{14520E38-8089-56CF-8993-BAF2F5497DC8}</UniqueIdentifier>
    </Filter>
    <Filter Include="prehistoric\common">
      <UniqueIdentifier>{E9AC050C-D590-C661-3EF1-C0B42AF4B0E3}</UniqueIdentifier>
    </Filter>
    <Filter Include="prehistoric\common\buffer">
      <UniqueIdentifier>{D2826006-3E45-9490-87F5-221DF3F66C6E}</UniqueIdentifier>
    </Filter>
    <Filter Include="prehistoric\common\capabilities">
      <UniqueIdentifier>{627A39B8-CE5D-48F8-D760-763443C30E49}</UniqueIdentifier>
    </Filter>
    <Filter Include="prehistoric\common\framework">
      <UniqueIdentifier>{C640BECE-B2FB-AD7A-5BB3-26C5474DF80A}</UniqueIdentifier>
    </Filter>
    <Filter Include="prehistoric\common\framework\context">
      <UniqueIdentifier>{7AB90D11-66A0-CF08-0FF1-3526FBB6486F}</UniqueIdentifier>
    </Filter>
    <Filter Include="prehistoric\common\framework\swapchain">
      <UniqueIdentifier>{D3C40043-BF16-D832-A835-15439426F11B}</UniqueIdentifier>
    </Filter>
    <Filter Include="prehistoric\common\rendering">
      <UniqueIdentifier>{968DEF18-8248-DFC4-2B00-580F179A2955}</UniqueIdentifier>
    </Filter>
    <Filter Include="prehistoric\common\rendering\command">
      <UniqueIdentifier>{C4D4D092-B0BB-928A-590C-F9A745D20BF1}</UniqueIdentifier>
    </Filter>
    <Filter Include="prehistoric\common\rendering\framebuffer">
      <UniqueIdentifier>{EA77AEC4-D6F4-A107-FF71-A21BEB4D3E9B}</UniqueIdentifier>
    </Filter>
    <Filter Include="prehistoric\common\rendering\pipeline">
      <UniqueIdentifier>{9B7ADA24-073F-D914-D0A4-09DF3C28754A}</UniqueIdentifier>
    </Filter>
    <Filter Include="prehistoric\common\rendering\renderStage">
      <UniqueIdentifier>{99BA718F-8537-65D2-AEB4-65E69A900166}</UniqueIdentifier>
    </Filter>
    <Filter Include="prehistoric\common\rendering\shaders">
      <UniqueIdentifier>{8F804251-7B67-0449-24B8-6A66107E7DAF}</UniqueIdentifier>
    </Filter>
    <Filter Include="prehistoric\common\texture">
      <UniqueIdentifier>{69430418-5553-B0E8-BE0C-1507AA3B9F81}</UniqueIdentifier>
    </Filter>
    <Filter Include="prehistoric\common\util">
      <UniqueIdentifier>{F6C987B1-6201-D048-6B0B-346CD7C1F641}</UniqueIdentifier>
    </Filter>
    <Filter Include="prehistoric\core">
      <UniqueIdentifier>{C923706F-B51C-8FC1-DE4E-7446CAA66ECD}</UniqueIdentifier>
    </Filter>
    <Filter Include="prehistoric\core\ImGUI">
      <UniqueIdentifier>{7387405D-5F81-69AF-48EE-FFBF3487CF1B}</UniqueIdentifier>
    </Filter>
    <Filter Include="prehistoric\core\config">
      <UniqueIdentifier>{CE763142-3AAE-79D9-43B8-DDFCAF6EA0D2}</UniqueIdentifier>
    </Filter>
    <Filter Include="prehistoric\core\engines">
      <UniqueIdentifier>{81B0821F-6DD5-D19F-9620-B72F82A4D0BD}</UniqueIdentifier>
    </Filter>
    <Filter Include="prehistoric\core\events">
      <UniqueIdentifier>{ADA75547-19DF-9DDE-22E9-01028E9FC4D7}</UniqueIdentifier>
    </Filter>
    <Filter Include="prehistoric\core\layers">
      <UniqueIdentifier>{88923856-F4C9-80ED-FDD3-E410698AA7E6}</UniqueIdentifier>
    </Filter>
    <Filter Include="prehistoric\core\model">
      <UniqueIdentifier>{E98FCD5F-D589-F6B1-BEF6-8CC2AA8F5C1E}</UniqueIdentifier>
    </Filter>
    <Filter Include="prehistoric\core\model\material">
      <UniqueIdentifier>{C750C846-3334-D786-3C37-05C3A8999DD7}</UniqueIdentifier>
    </Filter>
    <Filter Include="prehistoric\core\model\obj">
      <UniqueIdentifier>{730791AA-5F17-3D7B-C8D0-A199B4FF2B14}</UniqueIdentifier>
    </Filter>
    <Filter Include="prehistoric\core\modules">
      <UniqueIdentifier>{B1017A89-9D26-C909-C671-AE99B2F5C727}</UniqueIdentifier>
    </Filter>
    <Filter Include="prehistoric\core\modules\atmosphere">
      <UniqueIdentifier>{5822330E-C4DB-9DB8-4D3B-B892B9F35328}</UniqueIdentifier>
    </Filter>
    <Filter Include="prehistoric\core\modules\environmentMapRenderer">
      <UniqueIdentifier>{2A6A334F-96A5-9312-9F9A-10A20B551843}</UniqueIdentifier>
    </Filter>
    <Filter Include="prehistoric\core\modules\gpgpu">
      <UniqueIdentifier>{634364E5-4F69-2E4C-38AF-B31724745318}</UniqueIdentifier>
    </Filter>
    <Filter Include="prehistoric\core\modules\gui">
      <UniqueIdentifier>{A5FD30D5-91B8-2081-3A70-99CB260A6B11}</UniqueIdentifier>
    </Filter>
    <Filter Include="prehistoric\core\modules\gui\button">
      <UniqueIdentifier>{30121284-9CCB-7C2E-252B-970891E3329E}</UniqueIdentifier>
    </Filter>
    <Filter Include="prehistoric\core\modules\gui\slider">
      <UniqueIdentifier>{D79A10AB-4354-7B55-CCB3-952F386C31C5}</UniqueIdentifier>
    </Filter>
    <Filter Include="prehistoric\core\modules\terrain">
      <UniqueIdentifier>{35DE569F-212F-42E1-4A93-30A33643D54A}</UniqueIdentifier>
    </Filter>
    <Filter Include="prehistoric\core\node">
      <UniqueIdentifier>{3EA06B12-AA0C-270D-7300-BF6ADF2B4975}</UniqueIdentifier>
    </Filter>
    <Filter Include="prehistoric\core\node\component">
      <UniqueIdentifier>{407E67A0-AC61-76E0-B564-A41C21C73C31}</UniqueIdentifier>
    </Filter>
    <Filter Include="prehistoric\core\node\component\audio">
      <UniqueIdentifier>{61CCDCEE-CD90-DBDE-96F6-0BA9027A7714}</UniqueIdentifier>
    </Filter>
    <Filter Include="prehistoric\core\node\component\light">
      <UniqueIdentifier>{07529DEF-7316-9CDF-3C7C-CCA9A8FF3715}</UniqueIdentifier>
    </Filter>
    <Filter Include="prehistoric\core\node\component\renderer">
      <UniqueIdentifier>{06661F39-F2E2-127C-1B60-1390073CAF0F}</UniqueIdentifier>
    </Filter>
    <Filter Include="prehistoric\core\node\movement">
      <UniqueIdentifier>{58671106-448D-DB6C-2DD3-603819980039}</UniqueIdentifier>
    </Filter>
    <Filter Include="prehistoric\core\resources">
      <UniqueIdentifier>{93783151-7F88-DD21-E841-4240D470CCBA}</UniqueIdentifier>
    </Filter>
    <Filter Include="prehistoric\core\resources\loaders">
      <UniqueIdentifier>{AC8B460E-98C7-4978-01DA-616FED34F292}</UniqueIdentifier>
    </Filter>
    <Filter Include="prehistoric\core\scene">
      <UniqueIdentifier>{C6933360-B28D-5CB2-9BFA-F2C28793C21E}</UniqueIdentifier>
    </Filter>
    <Filter Include="prehistoric\core\scene\world">
      <UniqueIdentifier>{1D7B2B2B-0936-1BD7-B2ED-93219E876567}</UniqueIdentifier>
    </Filter>
    <Filter Include="prehistoric\core\util">
      <UniqueIdentifier>{D68C6F12-42F9-2A0D-0BED-C26A77184D75}</UniqueIdentifier>
    </Filter>
    <Filter Include="prehistoric\core\util\codes">
      <UniqueIdentifier>{B3D9F790-1FE7-2577-A8CD-216214DAF12D}</UniqueIdentifier>
    </Filter>
    <Filter Include="prehistoric\core\util\log">
      <UniqueIdentifier>{C7A791A6-336A-C530-7C1A-54BDE81B9E0E}</UniqueIdentifier>
    </Filter>
    <Filter Include="prehistoric\core\util\math">
      <UniqueIdentifier>{8FF3C678-7B03-7349-E4BC-D767D0EB61E2}</UniqueIdentifier>
    </Filter>
    <Filter Include="prehistoric\core\util\time">
      <UniqueIdentifier>{54EBCA78-40FB-7649-A9B4-DB6795E365E2}</UniqueIdentifier>
    </Filter>
  </ItemGroup>
  <ItemGroup>
    <ClInclude Include="src\engine\Includes.hpp" />
    <ClInclude Include="src\engine\Prehistoric.h" />
    <ClInclude Include="src\engine\platform\Platform.h">
      <Filter>platform</Filter>
    </ClInclude>
    <ClInclude Include="src\engine\platform\opengl\buffer\GLMeshVertexBuffer.h">
      <Filter>platform\opengl\buffer</Filter>
    </ClInclude>
    <ClInclude Include="src\engine\platform\opengl\buffer\GLPatchVertexBuffer.h">
      <Filter>platform\opengl\buffer</Filter>
    </ClInclude>
    <ClInclude Include="src\engine\platform\opengl\buffer\GLShaderStorageBuffer.h">
      <Filter>platform\opengl\buffer</Filter>
    </ClInclude>
    <ClInclude Include="src\engine\platform\opengl\buffer\GLUniformBufferObject.h">
      <Filter>platform\opengl\buffer</Filter>
    </ClInclude>
    <ClInclude Include="src\engine\platform\opengl\capabilities\GLCapabilities.h">
      <Filter>platform\opengl\capabilities</Filter>
    </ClInclude>
    <ClInclude Include="src\engine\platform\opengl\framework\context\GLContext.h">
      <Filter>platform\opengl\framework\context</Filter>
    </ClInclude>
    <ClInclude Include="src\engine\platform\opengl\framework\swapchain\GLSwapchain.h">
      <Filter>platform\opengl\framework\swapchain</Filter>
    </ClInclude>
    <ClInclude Include="src\engine\platform\opengl\rendering\GLRenderer.h">
      <Filter>platform\opengl\rendering</Filter>
    </ClInclude>
    <ClInclude Include="src\engine\platform\opengl\rendering\framebuffer\GLFramebuffer.h">
      <Filter>platform\opengl\rendering\framebuffer</Filter>
    </ClInclude>
    <ClInclude Include="src\engine\platform\opengl\rendering\pipeline\GLComputePipeline.h">
      <Filter>platform\opengl\rendering\pipeline</Filter>
    </ClInclude>
    <ClInclude Include="src\engine\platform\opengl\rendering\pipeline\GLGraphicsPipeline.h">
      <Filter>platform\opengl\rendering\pipeline</Filter>
    </ClInclude>
    <ClInclude Include="src\engine\platform\opengl\rendering\pipeline\GLPipeline.h">
      <Filter>platform\opengl\rendering\pipeline</Filter>
    </ClInclude>
    <ClInclude Include="src\engine\platform\opengl\rendering\renderStage\GLBloomPass.h">
      <Filter>platform\opengl\rendering\renderStage</Filter>
    </ClInclude>
    <ClInclude Include="src\engine\platform\opengl\rendering\renderStage\GLDepthPass.h">
      <Filter>platform\opengl\rendering\renderStage</Filter>
    </ClInclude>
    <ClInclude Include="src\engine\platform\opengl\rendering\renderStage\GLHDRPass.h">
      <Filter>platform\opengl\rendering\renderStage</Filter>
    </ClInclude>
    <ClInclude Include="src\engine\platform\opengl\rendering\renderStage\GLLightCullingPass.h">
      <Filter>platform\opengl\rendering\renderStage</Filter>
    </ClInclude>
    <ClInclude Include="src\engine\platform\opengl\rendering\renderStage\GLMainPass.h">
      <Filter>platform\opengl\rendering\renderStage</Filter>
    </ClInclude>
    <ClInclude Include="src\engine\platform\opengl\rendering\renderStage\GLShadowDepthPass.h">
      <Filter>platform\opengl\rendering\renderStage</Filter>
    </ClInclude>
    <ClInclude Include="src\engine\platform\opengl\rendering\renderStage\GLVolumetricPostProcessingPass.h">
      <Filter>platform\opengl\rendering\renderStage</Filter>
    </ClInclude>
    <ClInclude Include="src\engine\platform\opengl\rendering\shaders\GLShader.h">
      <Filter>platform\opengl\rendering\shaders</Filter>
    </ClInclude>
    <ClInclude Include="src\engine\platform\opengl\rendering\shaders\atmosphere\GLAtmosphereScatteringShader.h">
      <Filter>platform\opengl\rendering\shaders\atmosphere</Filter>
    </ClInclude>
    <ClInclude Include="src\engine\platform\opengl\rendering\shaders\atmosphere\GLAtmosphereShader.h">
      <Filter>platform\opengl\rendering\shaders\atmosphere</Filter>
    </ClInclude>
    <ClInclude Include="src\engine\platform\opengl\rendering\shaders\environmentMap\GLBRDFIntegrateShader.h">
      <Filter>platform\opengl\rendering\shaders\environmentMap</Filter>
    </ClInclude>
    <ClInclude Include="src\engine\platform\opengl\rendering\shaders\environmentMap\GLEnvironmentMapShader.h">
      <Filter>platform\opengl\rendering\shaders\environmentMap</Filter>
    </ClInclude>
    <ClInclude Include="src\engine\platform\opengl\rendering\shaders\environmentMap\GLEnvironmentShader.h">
      <Filter>platform\opengl\rendering\shaders\environmentMap</Filter>
    </ClInclude>
    <ClInclude Include="src\engine\platform\opengl\rendering\shaders\environmentMap\GLIrradianceShader.h">
      <Filter>platform\opengl\rendering\shaders\environmentMap</Filter>
    </ClInclude>
    <ClInclude Include="src\engine\platform\opengl\rendering\shaders\environmentMap\GLPrefilterShader.h">
      <Filter>platform\opengl\rendering\shaders\environmentMap</Filter>
    </ClInclude>
    <ClInclude Include="src\engine\platform\opengl\rendering\shaders\forwardPlus\GLDepthPassShader.h">
      <Filter>platform\opengl\rendering\shaders\forwardPlus</Filter>
    </ClInclude>
    <ClInclude Include="src\engine\platform\opengl\rendering\shaders\forwardPlus\GLLightCullingPassShader.h">
      <Filter>platform\opengl\rendering\shaders\forwardPlus</Filter>
    </ClInclude>
    <ClInclude Include="src\engine\platform\opengl\rendering\shaders\gpgpu\GLNormalmapShader.h">
      <Filter>platform\opengl\rendering\shaders\gpgpu</Filter>
    </ClInclude>
    <ClInclude Include="src\engine\platform\opengl\rendering\shaders\gpgpu\GLSplatmapShader.h">
      <Filter>platform\opengl\rendering\shaders\gpgpu</Filter>
    </ClInclude>
    <ClInclude Include="src\engine\platform\opengl\rendering\shaders\gpgpu\GLTerrainHeightsShader.h">
      <Filter>platform\opengl\rendering\shaders\gpgpu</Filter>
    </ClInclude>
    <ClInclude Include="src\engine\platform\opengl\rendering\shaders\gui\GLGUIShader.h">
      <Filter>platform\opengl\rendering\shaders\gui</Filter>
    </ClInclude>
    <ClInclude Include="src\engine\platform\opengl\rendering\shaders\pbr\GLPBRShader.h">
      <Filter>platform\opengl\rendering\shaders\pbr</Filter>
    </ClInclude>
    <ClInclude Include="src\engine\platform\opengl\rendering\shaders\postProcessing\GLBLoomDecomposeShader.h">
      <Filter>platform\opengl\rendering\shaders\postProcessing</Filter>
    </ClInclude>
    <ClInclude Include="src\engine\platform\opengl\rendering\shaders\postProcessing\GLBloomCombineShader.h">
      <Filter>platform\opengl\rendering\shaders\postProcessing</Filter>
    </ClInclude>
    <ClInclude Include="src\engine\platform\opengl\rendering\shaders\postProcessing\GLGaussianShader.h">
      <Filter>platform\opengl\rendering\shaders\postProcessing</Filter>
    </ClInclude>
    <ClInclude Include="src\engine\platform\opengl\rendering\shaders\postProcessing\GLHDRShader.h">
      <Filter>platform\opengl\rendering\shaders\postProcessing</Filter>
    </ClInclude>
    <ClInclude Include="src\engine\platform\opengl\rendering\shaders\postProcessing\GLVolumetricPostProcessingShader.h">
      <Filter>platform\opengl\rendering\shaders\postProcessing</Filter>
    </ClInclude>
    <ClInclude Include="src\engine\platform\opengl\rendering\shaders\shadow\GLShadowDepthPassShader.h">
      <Filter>platform\opengl\rendering\shaders\shadow</Filter>
    </ClInclude>
    <ClInclude Include="src\engine\platform\opengl\rendering\shaders\terrain\GLTerrainShader.h">
      <Filter>platform\opengl\rendering\shaders\terrain</Filter>
    </ClInclude>
    <ClInclude Include="src\engine\platform\opengl\rendering\shaders\terrain\GLTerrainShadowShader.h">
      <Filter>platform\opengl\rendering\shaders\terrain</Filter>
    </ClInclude>
    <ClInclude Include="src\engine\platform\opengl\rendering\shaders\terrain\GLTerrainWireframeShader.h">
      <Filter>platform\opengl\rendering\shaders\terrain</Filter>
    </ClInclude>
    <ClInclude Include="src\engine\platform\opengl\texture\GLTexture.h">
      <Filter>platform\opengl\texture</Filter>
    </ClInclude>
    <ClInclude Include="src\engine\platform\vulkan\buffer\VKBuffer.h">
      <Filter>platform\vulkan\buffer</Filter>
    </ClInclude>
    <ClInclude Include="src\engine\platform\vulkan\buffer\VKMeshVertexBuffer.h">
      <Filter>platform\vulkan\buffer</Filter>
    </ClInclude>
    <ClInclude Include="src\engine\platform\vulkan\capabilities\VKCapabilities.h">
      <Filter>platform\vulkan\capabilities</Filter>
    </ClInclude>
    <ClInclude Include="src\engine\platform\vulkan\framework\context\VKContext.h">
      <Filter>platform\vulkan\framework\context</Filter>
    </ClInclude>
    <ClInclude Include="src\engine\platform\vulkan\framework\context\VKDebugMessenger.h">
      <Filter>platform\vulkan\framework\context</Filter>
    </ClInclude>
    <ClInclude Include="src\engine\platform\vulkan\framework\context\VKInstance.h">
      <Filter>platform\vulkan\framework\context</Filter>
    </ClInclude>
    <ClInclude Include="src\engine\platform\vulkan\framework\device\VKDevice.h">
      <Filter>platform\vulkan\framework\device</Filter>
    </ClInclude>
    <ClInclude Include="src\engine\platform\vulkan\framework\queue\VKQueue.h">
      <Filter>platform\vulkan\framework\queue</Filter>
    </ClInclude>
    <ClInclude Include="src\engine\platform\vulkan\framework\surface\VKSurface.h">
      <Filter>platform\vulkan\framework\surface</Filter>
    </ClInclude>
    <ClInclude Include="src\engine\platform\vulkan\framework\swapchain\VKSwapchain.h">
      <Filter>platform\vulkan\framework\swapchain</Filter>
    </ClInclude>
    <ClInclude Include="src\engine\platform\vulkan\rendering\VKRenderer.h">
      <Filter>platform\vulkan\rendering</Filter>
    </ClInclude>
    <ClInclude Include="src\engine\platform\vulkan\rendering\command\VKCommandBuffer.h">
      <Filter>platform\vulkan\rendering\command</Filter>
    </ClInclude>
    <ClInclude Include="src\engine\platform\vulkan\rendering\command\VKCommandPool.h">
      <Filter>platform\vulkan\rendering\command</Filter>
    </ClInclude>
    <ClInclude Include="src\engine\platform\vulkan\rendering\descriptors\VKDescriptorPool.h">
      <Filter>platform\vulkan\rendering\descriptors</Filter>
    </ClInclude>
    <ClInclude Include="src\engine\platform\vulkan\rendering\descriptors\VKDescriptorSet.h">
      <Filter>platform\vulkan\rendering\descriptors</Filter>
    </ClInclude>
    <ClInclude Include="src\engine\platform\vulkan\rendering\descriptors\VKDescriptorSetBinding.h">
      <Filter>platform\vulkan\rendering\descriptors</Filter>
    </ClInclude>
    <ClInclude Include="src\engine\platform\vulkan\rendering\framebuffer\VKFramebuffer.h">
      <Filter>platform\vulkan\rendering\framebuffer</Filter>
    </ClInclude>
    <ClInclude Include="src\engine\platform\vulkan\rendering\pipeline\VKGraphicsPipeline.h">
      <Filter>platform\vulkan\rendering\pipeline</Filter>
    </ClInclude>
    <ClInclude Include="src\engine\platform\vulkan\rendering\pipeline\VKPipeline.h">
      <Filter>platform\vulkan\rendering\pipeline</Filter>
    </ClInclude>
    <ClInclude Include="src\engine\platform\vulkan\rendering\renderpass\VKRenderpass.h">
      <Filter>platform\vulkan\rendering\renderpass</Filter>
    </ClInclude>
    <ClInclude Include="src\engine\platform\vulkan\rendering\shaders\VkShader.h">
      <Filter>platform\vulkan\rendering\shaders</Filter>
    </ClInclude>
    <ClInclude Include="src\engine\platform\vulkan\rendering\shaders\basic\VKBasicShader.h">
      <Filter>platform\vulkan\rendering\shaders\basic</Filter>
    </ClInclude>
    <ClInclude Include="src\engine\platform\vulkan\rendering\shaders\pbr\VKPBRShader.h">
      <Filter>platform\vulkan\rendering\shaders\pbr</Filter>
    </ClInclude>
    <ClInclude Include="src\engine\platform\vulkan\rendering\synchronisation\VKFence.h">
      <Filter>platform\vulkan\rendering\synchronisation</Filter>
    </ClInclude>
    <ClInclude Include="src\engine\platform\vulkan\rendering\synchronisation\VKSemaphore.h">
      <Filter>platform\vulkan\rendering\synchronisation</Filter>
    </ClInclude>
    <ClInclude Include="src\engine\platform\vulkan\texture\VKImage.h">
      <Filter>platform\vulkan\texture</Filter>
    </ClInclude>
    <ClInclude Include="src\engine\platform\vulkan\texture\VKTexture.h">
      <Filter>platform\vulkan\texture</Filter>
    </ClInclude>
    <ClInclude Include="src\engine\platform\vulkan\util\VKUtil.h">
      <Filter>platform\vulkan\util</Filter>
    </ClInclude>
    <ClInclude Include="src\engine\platform\windows\WindowsInput.h">
      <Filter>platform\windows</Filter>
    </ClInclude>
    <ClInclude Include="src\engine\platform\windows\WindowsPlatformUtils.h">
      <Filter>platform\windows</Filter>
    </ClInclude>
    <ClInclude Include="src\engine\platform\windows\WindowsWindow.h">
      <Filter>platform\windows</Filter>
    </ClInclude>
    <ClInclude Include="src\engine\prehistoric\application\Application.h">
      <Filter>prehistoric\application</Filter>
    </ClInclude>
    <ClInclude Include="src\engine\prehistoric\application\EntryPoint.h">
      <Filter>prehistoric\application</Filter>
    </ClInclude>
    <ClInclude Include="src\engine\prehistoric\common\buffer\MeshVertexBuffer.h">
      <Filter>prehistoric\common\buffer</Filter>
    </ClInclude>
    <ClInclude Include="src\engine\prehistoric\common\buffer\PatchVertexBuffer.h">
      <Filter>prehistoric\common\buffer</Filter>
    </ClInclude>
    <ClInclude Include="src\engine\prehistoric\common\buffer\ShaderStorageBuffer.h">
      <Filter>prehistoric\common\buffer</Filter>
    </ClInclude>
    <ClInclude Include="src\engine\prehistoric\common\buffer\UniformBufferObject.h">
      <Filter>prehistoric\common\buffer</Filter>
    </ClInclude>
    <ClInclude Include="src\engine\prehistoric\common\buffer\VertexBuffer.h">
      <Filter>prehistoric\common\buffer</Filter>
    </ClInclude>
    <ClInclude Include="src\engine\prehistoric\common\capabilities\Capabilities.h">
      <Filter>prehistoric\common\capabilities</Filter>
    </ClInclude>
    <ClInclude Include="src\engine\prehistoric\common\framework\CameraInput.h">
      <Filter>prehistoric\common\framework</Filter>
    </ClInclude>
    <ClInclude Include="src\engine\prehistoric\common\framework\Input.h">
      <Filter>prehistoric\common\framework</Filter>
    </ClInclude>
    <ClInclude Include="src\engine\prehistoric\common\framework\Window.h">
      <Filter>prehistoric\common\framework</Filter>
    </ClInclude>
    <ClInclude Include="src\engine\prehistoric\common\framework\context\Context.h">
      <Filter>prehistoric\common\framework\context</Filter>
    </ClInclude>
    <ClInclude Include="src\engine\prehistoric\common\framework\swapchain\Swapchain.h">
      <Filter>prehistoric\common\framework\swapchain</Filter>
    </ClInclude>
    <ClInclude Include="src\engine\prehistoric\common\rendering\Renderer.h">
      <Filter>prehistoric\common\rendering</Filter>
    </ClInclude>
    <ClInclude Include="src\engine\prehistoric\common\rendering\command\CommandBuffer.h">
      <Filter>prehistoric\common\rendering\command</Filter>
    </ClInclude>
    <ClInclude Include="src\engine\prehistoric\common\rendering\framebuffer\Framebuffer.h">
      <Filter>prehistoric\common\rendering\framebuffer</Filter>
    </ClInclude>
    <ClInclude Include="src\engine\prehistoric\common\rendering\pipeline\ComputePipeline.h">
      <Filter>prehistoric\common\rendering\pipeline</Filter>
    </ClInclude>
    <ClInclude Include="src\engine\prehistoric\common\rendering\pipeline\GraphicsPipeline.h">
      <Filter>prehistoric\common\rendering\pipeline</Filter>
    </ClInclude>
    <ClInclude Include="src\engine\prehistoric\common\rendering\pipeline\Pipeline.h">
      <Filter>prehistoric\common\rendering\pipeline</Filter>
    </ClInclude>
    <ClInclude Include="src\engine\prehistoric\common\rendering\pipeline\RayTracingPipeline.h">
      <Filter>prehistoric\common\rendering\pipeline</Filter>
    </ClInclude>
    <ClInclude Include="src\engine\prehistoric\common\rendering\renderStage\RenderStage.h">
      <Filter>prehistoric\common\rendering\renderStage</Filter>
    </ClInclude>
    <ClInclude Include="src\engine\prehistoric\common\rendering\shaders\Shader.h">
      <Filter>prehistoric\common\rendering\shaders</Filter>
    </ClInclude>
    <ClInclude Include="src\engine\prehistoric\common\texture\Texture.h">
      <Filter>prehistoric\common\texture</Filter>
    </ClInclude>
    <ClInclude Include="src\engine\prehistoric\common\util\DeviceProperties.h">
      <Filter>prehistoric\common\util</Filter>
    </ClInclude>
    <ClInclude Include="src\engine\prehistoric\common\util\InitDevice.h">
      <Filter>prehistoric\common\util</Filter>
    </ClInclude>
    <ClInclude Include="src\engine\prehistoric\common\util\PlatformUtils.h">
      <Filter>prehistoric\common\util</Filter>
    </ClInclude>
    <ClInclude Include="src\engine\prehistoric\common\util\RenderUtils.h">
      <Filter>prehistoric\common\util</Filter>
    </ClInclude>
    <ClInclude Include="src\engine\prehistoric\core\CoreEngine.h">
      <Filter>prehistoric\core</Filter>
    </ClInclude>
    <ClInclude Include="src\engine\prehistoric\core\ImGUI\ImGUILayer.h">
      <Filter>prehistoric\core\ImGUI</Filter>
    </ClInclude>
    <ClInclude Include="src\engine\prehistoric\core\config\EngineSettings.h">
      <Filter>prehistoric\core\config</Filter>
    </ClInclude>
    <ClInclude Include="src\engine\prehistoric\core\engines\AudioEngine.h">
      <Filter>prehistoric\core\engines</Filter>
    </ClInclude>
    <ClInclude Include="src\engine\prehistoric\core\engines\Engine.h">
      <Filter>prehistoric\core\engines</Filter>
    </ClInclude>
    <ClInclude Include="src\engine\prehistoric\core\engines\RenderingEngine.h">
      <Filter>prehistoric\core\engines</Filter>
    </ClInclude>
    <ClInclude Include="src\engine\prehistoric\core\events\ApplicationEvent.h">
      <Filter>prehistoric\core\events</Filter>
    </ClInclude>
    <ClInclude Include="src\engine\prehistoric\core\events\Event.h">
      <Filter>prehistoric\core\events</Filter>
    </ClInclude>
    <ClInclude Include="src\engine\prehistoric\core\events\JoystickEvent.h">
      <Filter>prehistoric\core\events</Filter>
    </ClInclude>
    <ClInclude Include="src\engine\prehistoric\core\events\KeyEvent.h">
      <Filter>prehistoric\core\events</Filter>
    </ClInclude>
    <ClInclude Include="src\engine\prehistoric\core\events\MouseEvent.h">
      <Filter>prehistoric\core\events</Filter>
    </ClInclude>
    <ClInclude Include="src\engine\prehistoric\core\layers\Layer.h">
      <Filter>prehistoric\core\layers</Filter>
    </ClInclude>
    <ClInclude Include="src\engine\prehistoric\core\layers\LayerStack.h">
      <Filter>prehistoric\core\layers</Filter>
    </ClInclude>
    <ClInclude Include="src\engine\prehistoric\core\model\Mesh.h">
      <Filter>prehistoric\core\model</Filter>
    </ClInclude>
    <ClInclude Include="src\engine\prehistoric\core\model\Model.h">
      <Filter>prehistoric\core\model</Filter>
    </ClInclude>
    <ClInclude Include="src\engine\prehistoric\core\model\Transform.h">
      <Filter>prehistoric\core\model</Filter>
    </ClInclude>
    <ClInclude Include="src\engine\prehistoric\core\model\Vertex.h">
      <Filter>prehistoric\core\model</Filter>
    </ClInclude>
    <ClInclude Include="src\engine\prehistoric\core\model\material\Material.h">
      <Filter>prehistoric\core\model\material</Filter>
    </ClInclude>
    <ClInclude Include="src\engine\prehistoric\core\model\obj\OBJLoader.h">
      <Filter>prehistoric\core\model\obj</Filter>
    </ClInclude>
    <ClInclude Include="src\engine\prehistoric\core\modules\atmosphere\Atmosphere.h">
      <Filter>prehistoric\core\modules\atmosphere</Filter>
    </ClInclude>
    <ClInclude Include="src\engine\prehistoric\core\modules\environmentMapRenderer\EnvironmentMapRenderer.h">
      <Filter>prehistoric\core\modules\environmentMapRenderer</Filter>
    </ClInclude>
    <ClInclude Include="src\engine\prehistoric\core\modules\gpgpu\NormalMapRenderer.h">
      <Filter>prehistoric\core\modules\gpgpu</Filter>
    </ClInclude>
    <ClInclude Include="src\engine\prehistoric\core\modules\gpgpu\SplatMapRenderer.h">
      <Filter>prehistoric\core\modules\gpgpu</Filter>
    </ClInclude>
    <ClInclude Include="src\engine\prehistoric\core\modules\gpgpu\TerrainHeightsQuery.h">
      <Filter>prehistoric\core\modules\gpgpu</Filter>
    </ClInclude>
    <ClInclude Include="src\engine\prehistoric\core\modules\gui\GUIElement.h">
      <Filter>prehistoric\core\modules\gui</Filter>
    </ClInclude>
    <ClInclude Include="src\engine\prehistoric\core\modules\gui\button\GUIButton.h">
      <Filter>prehistoric\core\modules\gui\button</Filter>
    </ClInclude>
    <ClInclude Include="src\engine\prehistoric\core\modules\gui\slider\GUISlider.h">
      <Filter>prehistoric\core\modules\gui\slider</Filter>
    </ClInclude>
    <ClInclude Include="src\engine\prehistoric\core\modules\terrain\Terrain.h">
      <Filter>prehistoric\core\modules\terrain</Filter>
    </ClInclude>
    <ClInclude Include="src\engine\prehistoric\core\modules\terrain\TerrainMaps.h">
      <Filter>prehistoric\core\modules\terrain</Filter>
    </ClInclude>
    <ClInclude Include="src\engine\prehistoric\core\modules\terrain\TerrainNode.h">
      <Filter>prehistoric\core\modules\terrain</Filter>
    </ClInclude>
    <ClInclude Include="src\engine\prehistoric\core\modules\terrain\TerrainQuadtree.h">
      <Filter>prehistoric\core\modules\terrain</Filter>
    </ClInclude>
    <ClInclude Include="src\engine\prehistoric\core\node\GameObject.h">
      <Filter>prehistoric\core\node</Filter>
    </ClInclude>
    <ClInclude Include="src\engine\prehistoric\core\node\Node.h">
      <Filter>prehistoric\core\node</Filter>
    </ClInclude>
    <ClInclude Include="src\engine\prehistoric\core\node\component\Component.h">
      <Filter>prehistoric\core\node\component</Filter>
    </ClInclude>
    <ClInclude Include="src\engine\prehistoric\core\node\component\audio\AudioComponent.h">
      <Filter>prehistoric\core\node\component\audio</Filter>
    </ClInclude>
    <ClInclude Include="src\engine\prehistoric\core\node\component\light\Light.h">
      <Filter>prehistoric\core\node\component\light</Filter>
    </ClInclude>
    <ClInclude Include="src\engine\prehistoric\core\node\component\renderer\RenderableComponent.h">
      <Filter>prehistoric\core\node\component\renderer</Filter>
    </ClInclude>
    <ClInclude Include="src\engine\prehistoric\core\node\component\renderer\RendererComponent.h">
      <Filter>prehistoric\core\node\component\renderer</Filter>
    </ClInclude>
    <ClInclude Include="src\engine\prehistoric\core\node\movement\Camera.h">
      <Filter>prehistoric\core\node\movement</Filter>
    </ClInclude>
    <ClInclude Include="src\engine\prehistoric\core\node\movement\EditorCamera.h">
      <Filter>prehistoric\core\node\movement</Filter>
    </ClInclude>
    <ClInclude Include="src\engine\prehistoric\core\node\movement\FPSCamera.h">
      <Filter>prehistoric\core\node\movement</Filter>
    </ClInclude>
    <ClInclude Include="src\engine\prehistoric\core\resources\AssembledAssetManager.h">
      <Filter>prehistoric\core\resources</Filter>
    </ClInclude>
    <ClInclude Include="src\engine\prehistoric\core\resources\AssetManager.h">
      <Filter>prehistoric\core\resources</Filter>
    </ClInclude>
    <ClInclude Include="src\engine\prehistoric\core\resources\Factory.h">
      <Filter>prehistoric\core\resources</Filter>
    </ClInclude>
    <ClInclude Include="src\engine\prehistoric\core\resources\Loader.h">
      <Filter>prehistoric\core\resources</Filter>
    </ClInclude>
    <ClInclude Include="src\engine\prehistoric\core\resources\loaders\ShaderLoader.h">
      <Filter>prehistoric\core\resources\loaders</Filter>
    </ClInclude>
    <ClInclude Include="src\engine\prehistoric\core\resources\loaders\TextureLoader.h">
      <Filter>prehistoric\core\resources\loaders</Filter>
    </ClInclude>
    <ClInclude Include="src\engine\prehistoric\core\resources\loaders\VertexBufferLoader.h">
      <Filter>prehistoric\core\resources\loaders</Filter>
    </ClInclude>
    <ClInclude Include="src\engine\prehistoric\core\scene\Scene.h">
      <Filter>prehistoric\core\scene</Filter>
    </ClInclude>
    <ClInclude Include="src\engine\prehistoric\core\scene\world\WorldLoader.h">
      <Filter>prehistoric\core\scene\world</Filter>
    </ClInclude>
    <ClInclude Include="src\engine\prehistoric\core\util\Constants.h">
      <Filter>prehistoric\core\util</Filter>
    </ClInclude>
    <ClInclude Include="src\engine\prehistoric\core\util\ModelFabricator.h">
      <Filter>prehistoric\core\util</Filter>
    </ClInclude>
    <ClInclude Include="src\engine\prehistoric\core\util\Util.h">
      <Filter>prehistoric\core\util</Filter>
    </ClInclude>
    <ClInclude Include="src\engine\prehistoric\core\util\codes\InputCode.h">
      <Filter>prehistoric\core\util\codes</Filter>
    </ClInclude>
    <ClInclude Include="src\engine\prehistoric\core\util\log\ColourCodes.h">
      <Filter>prehistoric\core\util\log</Filter>
    </ClInclude>
    <ClInclude Include="src\engine\prehistoric\core\util\log\Log.h">
      <Filter>prehistoric\core\util\log</Filter>
    </ClInclude>
    <ClInclude Include="src\engine\prehistoric\core\util\math\Math.h">
      <Filter>prehistoric\core\util\math</Filter>
    </ClInclude>
    <ClInclude Include="src\engine\prehistoric\core\util\math\MathT.h">
      <Filter>prehistoric\core\util\math</Filter>
    </ClInclude>
    <ClInclude Include="src\engine\prehistoric\core\util\time\Time.h">
      <Filter>prehistoric\core\util\time</Filter>
    </ClInclude>
    <ClInclude Include="src\engine\prehistoric\core\util\time\Timer.h">
      <Filter>prehistoric\core\util\time</Filter>
    </ClInclude>
    <ClInclude Include="src\engine\prehistoric\core\util\guid\GUID.h" />
    <ClInclude Include="src\engine\prehistoric\core\scene\world\WorldSerialiser.h" />
  </ItemGroup>
  <ItemGroup>
    <ClCompile Include="src\engine\Includes.cpp" />
    <ClCompile Include="src\engine\platform\opengl\buffer\GLMeshVertexBuffer.cpp">
      <Filter>platform\opengl\buffer</Filter>
    </ClCompile>
    <ClCompile Include="src\engine\platform\opengl\buffer\GLPatchVertexBuffer.cpp">
      <Filter>platform\opengl\buffer</Filter>
    </ClCompile>
    <ClCompile Include="src\engine\platform\opengl\buffer\GLShaderStorageBuffer.cpp">
      <Filter>platform\opengl\buffer</Filter>
    </ClCompile>
    <ClCompile Include="src\engine\platform\opengl\buffer\GLUniformBufferObject.cpp">
      <Filter>platform\opengl\buffer</Filter>
    </ClCompile>
    <ClCompile Include="src\engine\platform\opengl\capabilities\GLCapabilities.cpp">
      <Filter>platform\opengl\capabilities</Filter>
    </ClCompile>
    <ClCompile Include="src\engine\platform\opengl\framework\context\GLContext.cpp">
      <Filter>platform\opengl\framework\context</Filter>
    </ClCompile>
    <ClCompile Include="src\engine\platform\opengl\framework\swapchain\GLSwapchain.cpp">
      <Filter>platform\opengl\framework\swapchain</Filter>
    </ClCompile>
    <ClCompile Include="src\engine\platform\opengl\rendering\GLRenderer.cpp">
      <Filter>platform\opengl\rendering</Filter>
    </ClCompile>
    <ClCompile Include="src\engine\platform\opengl\rendering\framebuffer\GLFramebuffer.cpp">
      <Filter>platform\opengl\rendering\framebuffer</Filter>
    </ClCompile>
    <ClCompile Include="src\engine\platform\opengl\rendering\pipeline\GLComputePipeline.cpp">
      <Filter>platform\opengl\rendering\pipeline</Filter>
    </ClCompile>
    <ClCompile Include="src\engine\platform\opengl\rendering\pipeline\GLGraphicsPipeline.cpp">
      <Filter>platform\opengl\rendering\pipeline</Filter>
    </ClCompile>
    <ClCompile Include="src\engine\platform\opengl\rendering\pipeline\GLPipeline.cpp">
      <Filter>platform\opengl\rendering\pipeline</Filter>
    </ClCompile>
    <ClCompile Include="src\engine\platform\opengl\rendering\renderStage\GLBloomPass.cpp">
      <Filter>platform\opengl\rendering\renderStage</Filter>
    </ClCompile>
    <ClCompile Include="src\engine\platform\opengl\rendering\renderStage\GLDepthPass.cpp">
      <Filter>platform\opengl\rendering\renderStage</Filter>
    </ClCompile>
    <ClCompile Include="src\engine\platform\opengl\rendering\renderStage\GLHDRPass.cpp">
      <Filter>platform\opengl\rendering\renderStage</Filter>
    </ClCompile>
    <ClCompile Include="src\engine\platform\opengl\rendering\renderStage\GLLightCullingPass.cpp">
      <Filter>platform\opengl\rendering\renderStage</Filter>
    </ClCompile>
    <ClCompile Include="src\engine\platform\opengl\rendering\renderStage\GLMainPass.cpp">
      <Filter>platform\opengl\rendering\renderStage</Filter>
    </ClCompile>
    <ClCompile Include="src\engine\platform\opengl\rendering\renderStage\GLShadowDepthPass.cpp">
      <Filter>platform\opengl\rendering\renderStage</Filter>
    </ClCompile>
    <ClCompile Include="src\engine\platform\opengl\rendering\renderStage\GLVolumetricPostProcessingPass.cpp">
      <Filter>platform\opengl\rendering\renderStage</Filter>
    </ClCompile>
    <ClCompile Include="src\engine\platform\opengl\rendering\shaders\GLShader.cpp">
      <Filter>platform\opengl\rendering\shaders</Filter>
    </ClCompile>
    <ClCompile Include="src\engine\platform\opengl\rendering\shaders\atmosphere\GLAtmosphereScatteringShader.cpp">
      <Filter>platform\opengl\rendering\shaders\atmosphere</Filter>
    </ClCompile>
    <ClCompile Include="src\engine\platform\opengl\rendering\shaders\atmosphere\GLAtmosphereShader.cpp">
      <Filter>platform\opengl\rendering\shaders\atmosphere</Filter>
    </ClCompile>
    <ClCompile Include="src\engine\platform\opengl\rendering\shaders\environmentMap\GLBRDFIntegrateShader.cpp">
      <Filter>platform\opengl\rendering\shaders\environmentMap</Filter>
    </ClCompile>
    <ClCompile Include="src\engine\platform\opengl\rendering\shaders\environmentMap\GLEnvironmentMapShader.cpp">
      <Filter>platform\opengl\rendering\shaders\environmentMap</Filter>
    </ClCompile>
    <ClCompile Include="src\engine\platform\opengl\rendering\shaders\environmentMap\GLEnvironmentShader.cpp">
      <Filter>platform\opengl\rendering\shaders\environmentMap</Filter>
    </ClCompile>
    <ClCompile Include="src\engine\platform\opengl\rendering\shaders\environmentMap\GLIrradianceShader.cpp">
      <Filter>platform\opengl\rendering\shaders\environmentMap</Filter>
    </ClCompile>
    <ClCompile Include="src\engine\platform\opengl\rendering\shaders\environmentMap\GLPrefilterShader.cpp">
      <Filter>platform\opengl\rendering\shaders\environmentMap</Filter>
    </ClCompile>
    <ClCompile Include="src\engine\platform\opengl\rendering\shaders\forwardPlus\GLDepthPassShader.cpp">
      <Filter>platform\opengl\rendering\shaders\forwardPlus</Filter>
    </ClCompile>
    <ClCompile Include="src\engine\platform\opengl\rendering\shaders\forwardPlus\GLLightCullingPassShader.cpp">
      <Filter>platform\opengl\rendering\shaders\forwardPlus</Filter>
    </ClCompile>
    <ClCompile Include="src\engine\platform\opengl\rendering\shaders\gpgpu\GLNormalmapShader.cpp">
      <Filter>platform\opengl\rendering\shaders\gpgpu</Filter>
    </ClCompile>
    <ClCompile Include="src\engine\platform\opengl\rendering\shaders\gpgpu\GLSplatmapShader.cpp">
      <Filter>platform\opengl\rendering\shaders\gpgpu</Filter>
    </ClCompile>
    <ClCompile Include="src\engine\platform\opengl\rendering\shaders\gpgpu\GLTerrainHeightsShader.cpp">
      <Filter>platform\opengl\rendering\shaders\gpgpu</Filter>
    </ClCompile>
    <ClCompile Include="src\engine\platform\opengl\rendering\shaders\gui\GLGUIShader.cpp">
      <Filter>platform\opengl\rendering\shaders\gui</Filter>
    </ClCompile>
    <ClCompile Include="src\engine\platform\opengl\rendering\shaders\pbr\GLPBRShader.cpp">
      <Filter>platform\opengl\rendering\shaders\pbr</Filter>
    </ClCompile>
    <ClCompile Include="src\engine\platform\opengl\rendering\shaders\postProcessing\GLBLoomDecomposeShader.cpp">
      <Filter>platform\opengl\rendering\shaders\postProcessing</Filter>
    </ClCompile>
    <ClCompile Include="src\engine\platform\opengl\rendering\shaders\postProcessing\GLBloomCombineShader.cpp">
      <Filter>platform\opengl\rendering\shaders\postProcessing</Filter>
    </ClCompile>
    <ClCompile Include="src\engine\platform\opengl\rendering\shaders\postProcessing\GLGaussianShader.cpp">
      <Filter>platform\opengl\rendering\shaders\postProcessing</Filter>
    </ClCompile>
    <ClCompile Include="src\engine\platform\opengl\rendering\shaders\postProcessing\GLHDRShader.cpp">
      <Filter>platform\opengl\rendering\shaders\postProcessing</Filter>
    </ClCompile>
    <ClCompile Include="src\engine\platform\opengl\rendering\shaders\postProcessing\GLVolumetricPostProcessingShader.cpp">
      <Filter>platform\opengl\rendering\shaders\postProcessing</Filter>
    </ClCompile>
    <ClCompile Include="src\engine\platform\opengl\rendering\shaders\shadow\GLShadowDepthPassShader.cpp">
      <Filter>platform\opengl\rendering\shaders\shadow</Filter>
    </ClCompile>
    <ClCompile Include="src\engine\platform\opengl\rendering\shaders\terrain\GLTerrainShader.cpp">
      <Filter>platform\opengl\rendering\shaders\terrain</Filter>
    </ClCompile>
    <ClCompile Include="src\engine\platform\opengl\rendering\shaders\terrain\GLTerrainShadowShader.cpp">
      <Filter>platform\opengl\rendering\shaders\terrain</Filter>
    </ClCompile>
    <ClCompile Include="src\engine\platform\opengl\rendering\shaders\terrain\GLTerrainWireframeShader.cpp">
      <Filter>platform\opengl\rendering\shaders\terrain</Filter>
    </ClCompile>
    <ClCompile Include="src\engine\platform\opengl\texture\GLTexture.cpp">
      <Filter>platform\opengl\texture</Filter>
    </ClCompile>
    <ClCompile Include="src\engine\platform\vulkan\buffer\VKBuffer.cpp">
      <Filter>platform\vulkan\buffer</Filter>
    </ClCompile>
    <ClCompile Include="src\engine\platform\vulkan\buffer\VKMeshVertexBuffer.cpp">
      <Filter>platform\vulkan\buffer</Filter>
    </ClCompile>
    <ClCompile Include="src\engine\platform\vulkan\capabilities\VKCapabilities.cpp">
      <Filter>platform\vulkan\capabilities</Filter>
    </ClCompile>
    <ClCompile Include="src\engine\platform\vulkan\framework\context\VKContext.cpp">
      <Filter>platform\vulkan\framework\context</Filter>
    </ClCompile>
    <ClCompile Include="src\engine\platform\vulkan\framework\context\VKInstance.cpp">
      <Filter>platform\vulkan\framework\context</Filter>
    </ClCompile>
    <ClCompile Include="src\engine\platform\vulkan\framework\context\VkDebugMessenger.cpp">
      <Filter>platform\vulkan\framework\context</Filter>
    </ClCompile>
    <ClCompile Include="src\engine\platform\vulkan\framework\device\VKDevice.cpp">
      <Filter>platform\vulkan\framework\device</Filter>
    </ClCompile>
    <ClCompile Include="src\engine\platform\vulkan\framework\queue\VKQueue.cpp">
      <Filter>platform\vulkan\framework\queue</Filter>
    </ClCompile>
    <ClCompile Include="src\engine\platform\vulkan\framework\surface\VKSurface.cpp">
      <Filter>platform\vulkan\framework\surface</Filter>
    </ClCompile>
    <ClCompile Include="src\engine\platform\vulkan\framework\swapchain\VKSwapchain.cpp">
      <Filter>platform\vulkan\framework\swapchain</Filter>
    </ClCompile>
    <ClCompile Include="src\engine\platform\vulkan\rendering\VKRenderer.cpp">
      <Filter>platform\vulkan\rendering</Filter>
    </ClCompile>
    <ClCompile Include="src\engine\platform\vulkan\rendering\command\VKCommandBuffer.cpp">
      <Filter>platform\vulkan\rendering\command</Filter>
    </ClCompile>
    <ClCompile Include="src\engine\platform\vulkan\rendering\command\VKCommandPool.cpp">
      <Filter>platform\vulkan\rendering\command</Filter>
    </ClCompile>
    <ClCompile Include="src\engine\platform\vulkan\rendering\descriptors\VKDescriptorPool.cpp">
      <Filter>platform\vulkan\rendering\descriptors</Filter>
    </ClCompile>
    <ClCompile Include="src\engine\platform\vulkan\rendering\descriptors\VKDescriptorSet.cpp">
      <Filter>platform\vulkan\rendering\descriptors</Filter>
    </ClCompile>
    <ClCompile Include="src\engine\platform\vulkan\rendering\descriptors\VKDescriptorSetBinding.cpp">
      <Filter>platform\vulkan\rendering\descriptors</Filter>
    </ClCompile>
    <ClCompile Include="src\engine\platform\vulkan\rendering\framebuffer\VKFramebuffer.cpp">
      <Filter>platform\vulkan\rendering\framebuffer</Filter>
    </ClCompile>
    <ClCompile Include="src\engine\platform\vulkan\rendering\pipeline\VKGraphicsPipeline.cpp">
      <Filter>platform\vulkan\rendering\pipeline</Filter>
    </ClCompile>
    <ClCompile Include="src\engine\platform\vulkan\rendering\pipeline\VKPipeline.cpp">
      <Filter>platform\vulkan\rendering\pipeline</Filter>
    </ClCompile>
    <ClCompile Include="src\engine\platform\vulkan\rendering\renderpass\VKRenderpass.cpp">
      <Filter>platform\vulkan\rendering\renderpass</Filter>
    </ClCompile>
    <ClCompile Include="src\engine\platform\vulkan\rendering\shaders\VkShader.cpp">
      <Filter>platform\vulkan\rendering\shaders</Filter>
    </ClCompile>
    <ClCompile Include="src\engine\platform\vulkan\rendering\shaders\basic\VKBasicShader.cpp">
      <Filter>platform\vulkan\rendering\shaders\basic</Filter>
    </ClCompile>
    <ClCompile Include="src\engine\platform\vulkan\rendering\shaders\pbr\VKPBRShader.cpp">
      <Filter>platform\vulkan\rendering\shaders\pbr</Filter>
    </ClCompile>
    <ClCompile Include="src\engine\platform\vulkan\rendering\synchronisation\VKFence.cpp">
      <Filter>platform\vulkan\rendering\synchronisation</Filter>
    </ClCompile>
    <ClCompile Include="src\engine\platform\vulkan\rendering\synchronisation\VKSemaphore.cpp">
      <Filter>platform\vulkan\rendering\synchronisation</Filter>
    </ClCompile>
    <ClCompile Include="src\engine\platform\vulkan\texture\VKImage.cpp">
      <Filter>platform\vulkan\texture</Filter>
    </ClCompile>
    <ClCompile Include="src\engine\platform\vulkan\texture\VKTexture.cpp">
      <Filter>platform\vulkan\texture</Filter>
    </ClCompile>
    <ClCompile Include="src\engine\platform\vulkan\util\VKUtil.cpp">
      <Filter>platform\vulkan\util</Filter>
    </ClCompile>
    <ClCompile Include="src\engine\platform\windows\WindowsInput.cpp">
      <Filter>platform\windows</Filter>
    </ClCompile>
    <ClCompile Include="src\engine\platform\windows\WindowsWindow.cpp">
      <Filter>platform\windows</Filter>
    </ClCompile>
    <ClCompile Include="src\engine\prehistoric\application\Application.cpp">
      <Filter>prehistoric\application</Filter>
    </ClCompile>
    <ClCompile Include="src\engine\prehistoric\common\buffer\MeshVertexBuffer.cpp">
      <Filter>prehistoric\common\buffer</Filter>
    </ClCompile>
    <ClCompile Include="src\engine\prehistoric\common\buffer\PatchVertexBuffer.cpp">
      <Filter>prehistoric\common\buffer</Filter>
    </ClCompile>
    <ClCompile Include="src\engine\prehistoric\common\buffer\ShaderStorageBuffer.cpp">
      <Filter>prehistoric\common\buffer</Filter>
    </ClCompile>
    <ClCompile Include="src\engine\prehistoric\common\buffer\UniformBufferObject.cpp">
      <Filter>prehistoric\common\buffer</Filter>
    </ClCompile>
    <ClCompile Include="src\engine\prehistoric\common\buffer\VertexBuffer.cpp">
      <Filter>prehistoric\common\buffer</Filter>
    </ClCompile>
    <ClCompile Include="src\engine\prehistoric\common\capabilities\Capabilities.cpp">
      <Filter>prehistoric\common\capabilities</Filter>
    </ClCompile>
    <ClCompile Include="src\engine\prehistoric\common\framework\Input.cpp">
      <Filter>prehistoric\common\framework</Filter>
    </ClCompile>
    <ClCompile Include="src\engine\prehistoric\common\framework\Window.cpp">
      <Filter>prehistoric\common\framework</Filter>
    </ClCompile>
    <ClCompile Include="src\engine\prehistoric\common\framework\context\Context.cpp">
      <Filter>prehistoric\common\framework\context</Filter>
    </ClCompile>
    <ClCompile Include="src\engine\prehistoric\common\framework\swapchain\Swapchain.cpp">
      <Filter>prehistoric\common\framework\swapchain</Filter>
    </ClCompile>
    <ClCompile Include="src\engine\prehistoric\common\rendering\Renderer.cpp">
      <Filter>prehistoric\common\rendering</Filter>
    </ClCompile>
    <ClCompile Include="src\engine\prehistoric\common\rendering\command\CommandBuffer.cpp">
      <Filter>prehistoric\common\rendering\command</Filter>
    </ClCompile>
    <ClCompile Include="src\engine\prehistoric\common\rendering\framebuffer\Framebuffer.cpp">
      <Filter>prehistoric\common\rendering\framebuffer</Filter>
    </ClCompile>
    <ClCompile Include="src\engine\prehistoric\common\rendering\pipeline\ComputePipeline.cpp">
      <Filter>prehistoric\common\rendering\pipeline</Filter>
    </ClCompile>
    <ClCompile Include="src\engine\prehistoric\common\rendering\pipeline\GraphicsPipeline.cpp">
      <Filter>prehistoric\common\rendering\pipeline</Filter>
    </ClCompile>
    <ClCompile Include="src\engine\prehistoric\common\rendering\pipeline\Pipeline.cpp">
      <Filter>prehistoric\common\rendering\pipeline</Filter>
    </ClCompile>
    <ClCompile Include="src\engine\prehistoric\common\rendering\pipeline\RayTracingPipeline.cpp">
      <Filter>prehistoric\common\rendering\pipeline</Filter>
    </ClCompile>
    <ClCompile Include="src\engine\prehistoric\common\rendering\renderStage\RenderStage.cpp">
      <Filter>prehistoric\common\rendering\renderStage</Filter>
    </ClCompile>
    <ClCompile Include="src\engine\prehistoric\common\rendering\shaders\Shader.cpp">
      <Filter>prehistoric\common\rendering\shaders</Filter>
    </ClCompile>
    <ClCompile Include="src\engine\prehistoric\common\texture\Texture.cpp">
      <Filter>prehistoric\common\texture</Filter>
    </ClCompile>
    <ClCompile Include="src\engine\prehistoric\common\util\DeviceProperties.cpp">
      <Filter>prehistoric\common\util</Filter>
    </ClCompile>
    <ClCompile Include="src\engine\prehistoric\common\util\InitDevice.cpp">
      <Filter>prehistoric\common\util</Filter>
    </ClCompile>
    <ClCompile Include="src\engine\prehistoric\common\util\PlatformUtils.cpp">
      <Filter>prehistoric\common\util</Filter>
    </ClCompile>
    <ClCompile Include="src\engine\prehistoric\core\CoreEngine.cpp">
      <Filter>prehistoric\core</Filter>
    </ClCompile>
    <ClCompile Include="src\engine\prehistoric\core\ImGUI\ImGUIBuild.cpp">
      <Filter>prehistoric\core\ImGUI</Filter>
    </ClCompile>
    <ClCompile Include="src\engine\prehistoric\core\ImGUI\ImGUILayer.cpp">
      <Filter>prehistoric\core\ImGUI</Filter>
    </ClCompile>
    <ClCompile Include="src\engine\prehistoric\core\config\EngineSettings.cpp">
      <Filter>prehistoric\core\config</Filter>
    </ClCompile>
    <ClCompile Include="src\engine\prehistoric\core\engines\AudioEngine.cpp">
      <Filter>prehistoric\core\engines</Filter>
    </ClCompile>
    <ClCompile Include="src\engine\prehistoric\core\engines\RenderingEngine.cpp">
      <Filter>prehistoric\core\engines</Filter>
    </ClCompile>
    <ClCompile Include="src\engine\prehistoric\core\layers\Layer.cpp">
      <Filter>prehistoric\core\layers</Filter>
    </ClCompile>
    <ClCompile Include="src\engine\prehistoric\core\layers\LayerStack.cpp">
      <Filter>prehistoric\core\layers</Filter>
    </ClCompile>
    <ClCompile Include="src\engine\prehistoric\core\model\Mesh.cpp">
      <Filter>prehistoric\core\model</Filter>
    </ClCompile>
    <ClCompile Include="src\engine\prehistoric\core\model\Model.cpp">
      <Filter>prehistoric\core\model</Filter>
    </ClCompile>
    <ClCompile Include="src\engine\prehistoric\core\model\Transform.cpp">
      <Filter>prehistoric\core\model</Filter>
    </ClCompile>
    <ClCompile Include="src\engine\prehistoric\core\model\Vertex.cpp">
      <Filter>prehistoric\core\model</Filter>
    </ClCompile>
    <ClCompile Include="src\engine\prehistoric\core\model\material\Material.cpp">
      <Filter>prehistoric\core\model\material</Filter>
    </ClCompile>
    <ClCompile Include="src\engine\prehistoric\core\model\obj\OBJLoader.cpp">
      <Filter>prehistoric\core\model\obj</Filter>
    </ClCompile>
    <ClCompile Include="src\engine\prehistoric\core\modules\atmosphere\Atmosphere.cpp">
      <Filter>prehistoric\core\modules\atmosphere</Filter>
    </ClCompile>
    <ClCompile Include="src\engine\prehistoric\core\modules\environmentMapRenderer\EnvironmentMapRenderer.cpp">
      <Filter>prehistoric\core\modules\environmentMapRenderer</Filter>
    </ClCompile>
    <ClCompile Include="src\engine\prehistoric\core\modules\gpgpu\NormalMapRenderer.cpp">
      <Filter>prehistoric\core\modules\gpgpu</Filter>
    </ClCompile>
    <ClCompile Include="src\engine\prehistoric\core\modules\gpgpu\SplatMapRenderer.cpp">
      <Filter>prehistoric\core\modules\gpgpu</Filter>
    </ClCompile>
    <ClCompile Include="src\engine\prehistoric\core\modules\gpgpu\TerrainHeightsQuery.cpp">
      <Filter>prehistoric\core\modules\gpgpu</Filter>
    </ClCompile>
    <ClCompile Include="src\engine\prehistoric\core\modules\gui\GUIElement.cpp">
      <Filter>prehistoric\core\modules\gui</Filter>
    </ClCompile>
    <ClCompile Include="src\engine\prehistoric\core\modules\gui\button\GUIButton.cpp">
      <Filter>prehistoric\core\modules\gui\button</Filter>
    </ClCompile>
    <ClCompile Include="src\engine\prehistoric\core\modules\gui\slider\GUISlider.cpp">
      <Filter>prehistoric\core\modules\gui\slider</Filter>
    </ClCompile>
    <ClCompile Include="src\engine\prehistoric\core\modules\terrain\Terrain.cpp">
      <Filter>prehistoric\core\modules\terrain</Filter>
    </ClCompile>
    <ClCompile Include="src\engine\prehistoric\core\modules\terrain\TerrainMaps.cpp">
      <Filter>prehistoric\core\modules\terrain</Filter>
    </ClCompile>
    <ClCompile Include="src\engine\prehistoric\core\modules\terrain\TerrainNode.cpp">
      <Filter>prehistoric\core\modules\terrain</Filter>
    </ClCompile>
    <ClCompile Include="src\engine\prehistoric\core\modules\terrain\TerrainQuadtree.cpp">
      <Filter>prehistoric\core\modules\terrain</Filter>
    </ClCompile>
    <ClCompile Include="src\engine\prehistoric\core\node\GameObject.cpp">
      <Filter>prehistoric\core\node</Filter>
    </ClCompile>
    <ClCompile Include="src\engine\prehistoric\core\node\Node.cpp">
      <Filter>prehistoric\core\node</Filter>
    </ClCompile>
    <ClCompile Include="src\engine\prehistoric\core\node\component\audio\AudioComponent.cpp">
      <Filter>prehistoric\core\node\component\audio</Filter>
    </ClCompile>
    <ClCompile Include="src\engine\prehistoric\core\node\component\light\Light.cpp">
      <Filter>prehistoric\core\node\component\light</Filter>
    </ClCompile>
    <ClCompile Include="src\engine\prehistoric\core\node\component\renderer\RenderableComponent.cpp">
      <Filter>prehistoric\core\node\component\renderer</Filter>
    </ClCompile>
    <ClCompile Include="src\engine\prehistoric\core\node\component\renderer\RendererComponent.cpp">
      <Filter>prehistoric\core\node\component\renderer</Filter>
    </ClCompile>
    <ClCompile Include="src\engine\prehistoric\core\node\movement\Camera.cpp">
      <Filter>prehistoric\core\node\movement</Filter>
    </ClCompile>
    <ClCompile Include="src\engine\prehistoric\core\node\movement\EditorCamera.cpp">
      <Filter>prehistoric\core\node\movement</Filter>
    </ClCompile>
    <ClCompile Include="src\engine\prehistoric\core\node\movement\FPSCamera.cpp">
      <Filter>prehistoric\core\node\movement</Filter>
    </ClCompile>
    <ClCompile Include="src\engine\prehistoric\core\resources\AssembledAssetManager.cpp">
      <Filter>prehistoric\core\resources</Filter>
    </ClCompile>
    <ClCompile Include="src\engine\prehistoric\core\resources\AssetManager.cpp">
      <Filter>prehistoric\core\resources</Filter>
    </ClCompile>
    <ClCompile Include="src\engine\prehistoric\core\resources\Loader.cpp">
      <Filter>prehistoric\core\resources</Filter>
    </ClCompile>
    <ClCompile Include="src\engine\prehistoric\core\resources\loaders\ShaderLoader.cpp">
      <Filter>prehistoric\core\resources\loaders</Filter>
    </ClCompile>
    <ClCompile Include="src\engine\prehistoric\core\resources\loaders\TextureLoader.cpp">
      <Filter>prehistoric\core\resources\loaders</Filter>
    </ClCompile>
    <ClCompile Include="src\engine\prehistoric\core\resources\loaders\VertexBufferLoader.cpp">
      <Filter>prehistoric\core\resources\loaders</Filter>
    </ClCompile>
    <ClCompile Include="src\engine\prehistoric\core\scene\Scene.cpp">
      <Filter>prehistoric\core\scene</Filter>
    </ClCompile>
    <ClCompile Include="src\engine\prehistoric\core\scene\world\WorldLoader.cpp">
      <Filter>prehistoric\core\scene\world</Filter>
    </ClCompile>
    <ClCompile Include="src\engine\prehistoric\core\util\ModelFabricator.cpp">
      <Filter>prehistoric\core\util</Filter>
    </ClCompile>
    <ClCompile Include="src\engine\prehistoric\core\util\Util.cpp">
      <Filter>prehistoric\core\util</Filter>
    </ClCompile>
    <ClCompile Include="src\engine\prehistoric\core\util\log\Log.cpp">
      <Filter>prehistoric\core\util\log</Filter>
    </ClCompile>
    <ClCompile Include="src\engine\prehistoric\core\util\math\Math.cpp">
      <Filter>prehistoric\core\util\math</Filter>
    </ClCompile>
    <ClCompile Include="src\engine\prehistoric\core\util\time\Time.cpp">
      <Filter>prehistoric\core\util\time</Filter>
    </ClCompile>
    <ClCompile Include="src\engine\prehistoric\core\util\time\Timer.cpp">
      <Filter>prehistoric\core\util\time</Filter>
    </ClCompile>
    <ClCompile Include="src\engine\prehistoric\core\util\guid\GUID.cpp" />
    <ClCompile Include="src\engine\prehistoric\core\scene\world\WorldSerialiser.cpp" />
  </ItemGroup>
</Project>