<?xml version="1.0" encoding="utf-8"?>
<Project ToolsVersion="4.0" xmlns="http://schemas.microsoft.com/developer/msbuild/2003">
  <ItemGroup>
    <Filter Include="Source Files">
      <UniqueIdentifier>{4FC737F1-C7A5-4376-A066-2A32D752A2FF}</UniqueIdentifier>
      <Extensions>cpp;c;cc;cxx;c++;def;odl;idl;hpj;bat;asm;asmx</Extensions>
    </Filter>
    <Filter Include="Header Files">
      <UniqueIdentifier>{93995380-89BD-4b04-88EB-625FBE52EBFB}</UniqueIdentifier>
      <Extensions>h;hh;hpp;hxx;h++;hm;inl;inc;ipp;xsd</Extensions>
    </Filter>
    <Filter Include="Resource Files">
      <UniqueIdentifier>{67DA6AB6-F800-4c08-8B7A-83BB121AAD01}</UniqueIdentifier>
      <Extensions>rc;ico;cur;bmp;dlg;rc2;rct;bin;rgs;gif;jpg;jpeg;jpe;resx;tiff;tif;png;wav;mfcribbon-ms</Extensions>
    </Filter>
  </ItemGroup>
  <ItemGroup>
    <ClCompile Include="src\engine\platform\opengl\buffer\GLMeshVertexBuffer.cpp">
      <Filter>Source Files</Filter>
    </ClCompile>
    <ClCompile Include="src\engine\platform\opengl\buffer\GLPatchVertexBuffer.cpp">
      <Filter>Source Files</Filter>
    </ClCompile>
    <ClCompile Include="src\engine\platform\opengl\buffer\GLShaderStorageBuffer.cpp">
      <Filter>Source Files</Filter>
    </ClCompile>
    <ClCompile Include="src\engine\platform\opengl\capabilities\GLCapabilities.cpp">
      <Filter>Source Files</Filter>
    </ClCompile>
    <ClCompile Include="src\engine\platform\opengl\framework\context\GLContext.cpp">
      <Filter>Source Files</Filter>
    </ClCompile>
    <ClCompile Include="src\engine\platform\opengl\framework\swapchain\GLSwapchain.cpp">
      <Filter>Source Files</Filter>
    </ClCompile>
    <ClCompile Include="src\engine\platform\opengl\rendering\framebuffer\GLFramebuffer.cpp">
      <Filter>Source Files</Filter>
    </ClCompile>
    <ClCompile Include="src\engine\platform\opengl\rendering\pipeline\GLComputePipeline.cpp">
      <Filter>Source Files</Filter>
    </ClCompile>
    <ClCompile Include="src\engine\platform\opengl\rendering\pipeline\GLGraphicsPipeline.cpp">
      <Filter>Source Files</Filter>
    </ClCompile>
    <ClCompile Include="src\engine\platform\opengl\rendering\pipeline\GLPipeline.cpp">
      <Filter>Source Files</Filter>
    </ClCompile>
    <ClCompile Include="src\engine\platform\opengl\rendering\shaders\atmosphere\GLAtmosphereScatteringShader.cpp">
      <Filter>Source Files</Filter>
    </ClCompile>
    <ClCompile Include="src\engine\platform\opengl\rendering\shaders\atmosphere\GLAtmosphereShader.cpp">
      <Filter>Source Files</Filter>
    </ClCompile>
    <ClCompile Include="src\engine\platform\opengl\rendering\shaders\basic\GLBasicShader.cpp">
      <Filter>Source Files</Filter>
    </ClCompile>
    <ClCompile Include="src\engine\platform\opengl\rendering\shaders\environmentMap\GLBRDFIntegrateShader.cpp">
      <Filter>Source Files</Filter>
    </ClCompile>
    <ClCompile Include="src\engine\platform\opengl\rendering\shaders\environmentMap\GLEnvironmentMapShader.cpp">
      <Filter>Source Files</Filter>
    </ClCompile>
    <ClCompile Include="src\engine\platform\opengl\rendering\shaders\environmentMap\GLEnvironmentShader.cpp">
      <Filter>Source Files</Filter>
    </ClCompile>
    <ClCompile Include="src\engine\platform\opengl\rendering\shaders\environmentMap\GLIrradianceShader.cpp">
      <Filter>Source Files</Filter>
    </ClCompile>
    <ClCompile Include="src\engine\platform\opengl\rendering\shaders\environmentMap\GLPrefilterShader.cpp">
      <Filter>Source Files</Filter>
    </ClCompile>
    <ClCompile Include="src\engine\platform\opengl\rendering\shaders\gpgpu\GLNormalmapShader.cpp">
      <Filter>Source Files</Filter>
    </ClCompile>
    <ClCompile Include="src\engine\platform\opengl\rendering\shaders\gpgpu\GLSplatmapShader.cpp">
      <Filter>Source Files</Filter>
    </ClCompile>
    <ClCompile Include="src\engine\platform\opengl\rendering\shaders\gpgpu\GLTerrainHeightsShader.cpp">
      <Filter>Source Files</Filter>
    </ClCompile>
    <ClCompile Include="src\engine\platform\opengl\rendering\shaders\gui\GLGUIShader.cpp">
      <Filter>Source Files</Filter>
    </ClCompile>
    <ClCompile Include="src\engine\platform\opengl\rendering\shaders\pbr\GLPBRShader.cpp">
      <Filter>Source Files</Filter>
    </ClCompile>
    <ClCompile Include="src\engine\platform\opengl\rendering\shaders\terrain\GLTerrainShader.cpp">
      <Filter>Source Files</Filter>
    </ClCompile>
    <ClCompile Include="src\engine\platform\opengl\rendering\shaders\terrain\GLTerrainWireframeShader.cpp">
      <Filter>Source Files</Filter>
    </ClCompile>
    <ClCompile Include="src\engine\platform\opengl\rendering\shaders\GLShader.cpp">
      <Filter>Source Files</Filter>
    </ClCompile>
    <ClCompile Include="src\engine\platform\opengl\rendering\GLRenderer.cpp">
      <Filter>Source Files</Filter>
    </ClCompile>
    <ClCompile Include="src\engine\platform\opengl\texture\GLTexture.cpp">
      <Filter>Source Files</Filter>
    </ClCompile>
    <ClCompile Include="src\engine\platform\vulkan\buffer\VKBuffer.cpp">
      <Filter>Source Files</Filter>
    </ClCompile>
    <ClCompile Include="src\engine\platform\vulkan\buffer\VKMeshVertexBuffer.cpp">
      <Filter>Source Files</Filter>
    </ClCompile>
    <ClCompile Include="src\engine\platform\vulkan\capabilities\VKCapabilities.cpp">
      <Filter>Source Files</Filter>
    </ClCompile>
    <ClCompile Include="src\engine\platform\vulkan\framework\context\VKContext.cpp">
      <Filter>Source Files</Filter>
    </ClCompile>
    <ClCompile Include="src\engine\platform\vulkan\framework\context\VkDebugMessenger.cpp">
      <Filter>Source Files</Filter>
    </ClCompile>
    <ClCompile Include="src\engine\platform\vulkan\framework\context\VKInstance.cpp">
      <Filter>Source Files</Filter>
    </ClCompile>
    <ClCompile Include="src\engine\platform\vulkan\framework\device\VKDevice.cpp">
      <Filter>Source Files</Filter>
    </ClCompile>
    <ClCompile Include="src\engine\platform\vulkan\framework\device\VKPhysicalDevice.cpp">
      <Filter>Source Files</Filter>
    </ClCompile>
    <ClCompile Include="src\engine\platform\vulkan\framework\queue\VKQueue.cpp">
      <Filter>Source Files</Filter>
    </ClCompile>
    <ClCompile Include="src\engine\platform\vulkan\framework\surface\VKSurface.cpp">
      <Filter>Source Files</Filter>
    </ClCompile>
    <ClCompile Include="src\engine\platform\vulkan\framework\swapchain\VkSwapChain.cpp">
      <Filter>Source Files</Filter>
    </ClCompile>
    <ClCompile Include="src\engine\platform\vulkan\rendering\command\VKCommandBuffer.cpp">
      <Filter>Source Files</Filter>
    </ClCompile>
    <ClCompile Include="src\engine\platform\vulkan\rendering\command\VKCommandPool.cpp">
      <Filter>Source Files</Filter>
    </ClCompile>
    <ClCompile Include="src\engine\platform\vulkan\rendering\descriptors\VKDescriptorPool.cpp">
      <Filter>Source Files</Filter>
    </ClCompile>
    <ClCompile Include="src\engine\platform\vulkan\rendering\descriptors\VKDescriptorSet.cpp">
      <Filter>Source Files</Filter>
    </ClCompile>
    <ClCompile Include="src\engine\platform\vulkan\rendering\descriptors\VKDescriptorSetBinding.cpp">
      <Filter>Source Files</Filter>
    </ClCompile>
    <ClCompile Include="src\engine\platform\vulkan\rendering\framebuffer\VKFramebuffer.cpp">
      <Filter>Source Files</Filter>
    </ClCompile>
    <ClCompile Include="src\engine\platform\vulkan\rendering\pipeline\VKGraphicsPipeline.cpp">
      <Filter>Source Files</Filter>
    </ClCompile>
    <ClCompile Include="src\engine\platform\vulkan\rendering\pipeline\VkPipeline.cpp">
      <Filter>Source Files</Filter>
    </ClCompile>
    <ClCompile Include="src\engine\platform\vulkan\rendering\renderpass\VKRenderpass.cpp">
      <Filter>Source Files</Filter>
    </ClCompile>
    <ClCompile Include="src\engine\platform\vulkan\rendering\shaders\basic\VKBasicShader.cpp">
      <Filter>Source Files</Filter>
    </ClCompile>
    <ClCompile Include="src\engine\platform\vulkan\rendering\shaders\pbr\VKPBRShader.cpp">
      <Filter>Source Files</Filter>
    </ClCompile>
    <ClCompile Include="src\engine\platform\vulkan\rendering\shaders\VkShader.cpp">
      <Filter>Source Files</Filter>
    </ClCompile>
    <ClCompile Include="src\engine\platform\vulkan\rendering\synchronisation\VKFence.cpp">
      <Filter>Source Files</Filter>
    </ClCompile>
    <ClCompile Include="src\engine\platform\vulkan\rendering\synchronisation\VKSemaphore.cpp">
      <Filter>Source Files</Filter>
    </ClCompile>
    <ClCompile Include="src\engine\platform\vulkan\rendering\VKRenderer.cpp">
      <Filter>Source Files</Filter>
    </ClCompile>
    <ClCompile Include="src\engine\platform\vulkan\texture\VKTexture.cpp">
      <Filter>Source Files</Filter>
    </ClCompile>
    <ClCompile Include="src\engine\platform\vulkan\util\VKUtil.cpp">
      <Filter>Source Files</Filter>
    </ClCompile>
    <ClCompile Include="src\engine\platform\windows\WindowsInput.cpp">
      <Filter>Source Files</Filter>
    </ClCompile>
    <ClCompile Include="src\engine\platform\windows\WindowsWindow.cpp">
      <Filter>Source Files</Filter>
    </ClCompile>
    <ClCompile Include="src\engine\prehistoric\common\buffer\MeshVertexBuffer.cpp">
      <Filter>Source Files</Filter>
    </ClCompile>
    <ClCompile Include="src\engine\prehistoric\common\buffer\PatchVertexBuffer.cpp">
      <Filter>Source Files</Filter>
    </ClCompile>
    <ClCompile Include="src\engine\prehistoric\common\buffer\ShaderStorageBuffer.cpp">
      <Filter>Source Files</Filter>
    </ClCompile>
    <ClCompile Include="src\engine\prehistoric\common\buffer\VertexBuffer.cpp">
      <Filter>Source Files</Filter>
    </ClCompile>
    <ClCompile Include="src\engine\prehistoric\common\capabilities\Capabilities.cpp">
      <Filter>Source Files</Filter>
    </ClCompile>
    <ClCompile Include="src\engine\prehistoric\common\framework\context\Context.cpp">
      <Filter>Source Files</Filter>
    </ClCompile>
    <ClCompile Include="src\engine\prehistoric\common\framework\swapchain\Swapchain.cpp">
      <Filter>Source Files</Filter>
    </ClCompile>
    <ClCompile Include="src\engine\prehistoric\common\framework\Input.cpp">
      <Filter>Source Files</Filter>
    </ClCompile>
    <ClCompile Include="src\engine\prehistoric\common\framework\Window.cpp">
      <Filter>Source Files</Filter>
    </ClCompile>
    <ClCompile Include="src\engine\prehistoric\common\rendering\command\CommandBuffer.cpp">
      <Filter>Source Files</Filter>
    </ClCompile>
    <ClCompile Include="src\engine\prehistoric\common\rendering\framebuffer\Framebuffer.cpp">
      <Filter>Source Files</Filter>
    </ClCompile>
    <ClCompile Include="src\engine\prehistoric\common\rendering\pipeline\ComputePipeline.cpp">
      <Filter>Source Files</Filter>
    </ClCompile>
    <ClCompile Include="src\engine\prehistoric\common\rendering\pipeline\GraphicsPipeline.cpp">
      <Filter>Source Files</Filter>
    </ClCompile>
    <ClCompile Include="src\engine\prehistoric\common\rendering\pipeline\Pipeline.cpp">
      <Filter>Source Files</Filter>
    </ClCompile>
    <ClCompile Include="src\engine\prehistoric\common\rendering\pipeline\RayTracingPipeline.cpp">
      <Filter>Source Files</Filter>
    </ClCompile>
    <ClCompile Include="src\engine\prehistoric\common\rendering\shaders\Shader.cpp">
      <Filter>Source Files</Filter>
    </ClCompile>
    <ClCompile Include="src\engine\prehistoric\common\rendering\Renderer.cpp">
      <Filter>Source Files</Filter>
    </ClCompile>
    <ClCompile Include="src\engine\prehistoric\common\texture\Texture.cpp">
      <Filter>Source Files</Filter>
    </ClCompile>
    <ClCompile Include="src\engine\prehistoric\common\util\DeviceProperties.cpp">
      <Filter>Source Files</Filter>
    </ClCompile>
    <ClCompile Include="src\engine\prehistoric\common\util\InitDevice.cpp">
      <Filter>Source Files</Filter>
    </ClCompile>
    <ClCompile Include="src\engine\prehistoric\core\model\material\Material.cpp">
      <Filter>Source Files</Filter>
    </ClCompile>
    <ClCompile Include="src\engine\prehistoric\core\model\Mesh.cpp">
      <Filter>Source Files</Filter>
    </ClCompile>
    <ClCompile Include="src\engine\prehistoric\core\model\Transform.cpp">
      <Filter>Source Files</Filter>
    </ClCompile>
    <ClCompile Include="src\engine\prehistoric\core\model\Vertex.cpp">
      <Filter>Source Files</Filter>
    </ClCompile>
    <ClCompile Include="src\engine\prehistoric\core\util\time\Time.cpp">
      <Filter>Source Files</Filter>
    </ClCompile>
    <ClCompile Include="src\engine\prehistoric\core\util\time\Timer.cpp">
      <Filter>Source Files</Filter>
    </ClCompile>
    <ClCompile Include="src\engine\prehistoric\core\util\Includes.cpp">
      <Filter>Source Files</Filter>
    </ClCompile>
    <ClCompile Include="src\engine\prehistoric\core\util\ModelFabricator.cpp">
      <Filter>Source Files</Filter>
    </ClCompile>
    <ClCompile Include="src\engine\prehistoric\core\util\Util.cpp">
      <Filter>Source Files</Filter>
    </ClCompile>
    <ClCompile Include="src\engine\prehistoric\core\Engine.cpp">
      <Filter>Source Files</Filter>
    </ClCompile>
    <ClCompile Include="src\engine\prehistoric\CoreEngine.cpp">
      <Filter>Source Files</Filter>
    </ClCompile>
    <ClCompile Include="src\engine\prehistoric\core\resources\AssembledAssetManager.cpp">
      <Filter>Source Files</Filter>
    </ClCompile>
    <ClCompile Include="src\engine\prehistoric\core\resources\AssetManager.cpp">
      <Filter>Source Files</Filter>
    </ClCompile>
    <ClCompile Include="src\engine\prehistoric\core\scene\Scene.cpp">
      <Filter>Source Files</Filter>
    </ClCompile>
    <ClCompile Include="src\engine\prehistoric\core\config\AtmosphereConfig.cpp">
      <Filter>Source Files</Filter>
    </ClCompile>
    <ClCompile Include="src\engine\prehistoric\core\config\EngineConfig.cpp">
      <Filter>Source Files</Filter>
    </ClCompile>
    <ClCompile Include="src\engine\prehistoric\core\config\EnvironmentMapConfig.cpp">
      <Filter>Source Files</Filter>
    </ClCompile>
    <ClCompile Include="src\engine\prehistoric\core\config\FrameworkConfig.cpp">
      <Filter>Source Files</Filter>
    </ClCompile>
    <ClCompile Include="src\engine\prehistoric\core\config\TerrainConfig.cpp">
      <Filter>Source Files</Filter>
    </ClCompile>
    <ClCompile Include="src\engine\prehistoric\core\engines\AudioEngine.cpp">
      <Filter>Source Files</Filter>
    </ClCompile>
    <ClCompile Include="src\engine\prehistoric\core\engines\RenderingEngine.cpp">
      <Filter>Source Files</Filter>
    </ClCompile>
    <ClCompile Include="src\engine\prehistoric\core\modules\atmosphere\Atmosphere.cpp">
      <Filter>Source Files</Filter>
    </ClCompile>
    <ClCompile Include="src\engine\prehistoric\core\modules\environmentMapRenderer\EnvironmentMapRenderer.cpp">
      <Filter>Source Files</Filter>
    </ClCompile>
    <ClCompile Include="src\engine\prehistoric\core\modules\gpgpu\NormalMapRenderer.cpp">
      <Filter>Source Files</Filter>
    </ClCompile>
    <ClCompile Include="src\engine\prehistoric\core\modules\gpgpu\SplatMapRenderer.cpp">
      <Filter>Source Files</Filter>
    </ClCompile>
    <ClCompile Include="src\engine\prehistoric\core\modules\gpgpu\TerrainHeightsQuery.cpp">
      <Filter>Source Files</Filter>
    </ClCompile>
    <ClCompile Include="src\engine\prehistoric\core\modules\gui\button\GUIButton.cpp">
      <Filter>Source Files</Filter>
    </ClCompile>
    <ClCompile Include="src\engine\prehistoric\core\modules\gui\slider\GUISlider.cpp">
      <Filter>Source Files</Filter>
    </ClCompile>
    <ClCompile Include="src\engine\prehistoric\core\modules\gui\GUIElement.cpp">
      <Filter>Source Files</Filter>
    </ClCompile>
    <ClCompile Include="src\engine\prehistoric\core\modules\terrain\Terrain.cpp">
      <Filter>Source Files</Filter>
    </ClCompile>
    <ClCompile Include="src\engine\prehistoric\core\modules\terrain\TerrainMaps.cpp">
      <Filter>Source Files</Filter>
    </ClCompile>
    <ClCompile Include="src\engine\prehistoric\core\modules\terrain\TerrainNode.cpp">
      <Filter>Source Files</Filter>
    </ClCompile>
    <ClCompile Include="src\engine\prehistoric\core\modules\terrain\TerrainQuadtree.cpp">
      <Filter>Source Files</Filter>
    </ClCompile>
    <ClCompile Include="src\engine\prehistoric\core\node\GameObject.cpp">
      <Filter>Source Files</Filter>
    </ClCompile>
    <ClCompile Include="src\engine\prehistoric\core\node\Node.cpp">
      <Filter>Source Files</Filter>
    </ClCompile>
    <ClCompile Include="src\engine\prehistoric\core\node\component\audio\AudioComponent.cpp">
      <Filter>Source Files</Filter>
    </ClCompile>
    <ClCompile Include="src\engine\prehistoric\core\node\component\light\Light.cpp">
      <Filter>Source Files</Filter>
    </ClCompile>
    <ClCompile Include="src\engine\prehistoric\core\node\component\renderer\RenderableComponent.cpp">
      <Filter>Source Files</Filter>
    </ClCompile>
    <ClCompile Include="src\engine\prehistoric\core\node\component\renderer\RendererComponent.cpp">
      <Filter>Source Files</Filter>
    </ClCompile>
    <ClCompile Include="src\engine\prehistoric\core\scene\world\WorldLoader.cpp">
      <Filter>Source Files</Filter>
    </ClCompile>
    <ClCompile Include="src\engine\prehistoric\core\node\movement\Camera.cpp">
      <Filter>Source Files</Filter>
    </ClCompile>
    <ClCompile Include="src\engine\prehistoric\core\util\log\Log.cpp">
      <Filter>Source Files</Filter>
    </ClCompile>
    <ClCompile Include="src\engine\prehistoric\common\texture\TextureLoader.cpp">
      <Filter>Source Files</Filter>
    </ClCompile>
    <ClCompile Include="src\engine\prehistoric\core\util\math\Math.cpp">
      <Filter>Source Files</Filter>
    </ClCompile>
    <ClCompile Include="src\engine\prehistoric\core\model\obj\OBJLoader.cpp">
      <Filter>Source Files</Filter>
    </ClCompile>
    <ClCompile Include="src\engine\prehistoric\application\Application.cpp">
      <Filter>Source Files</Filter>
    </ClCompile>
  </ItemGroup>
  <ItemGroup>
    <ClInclude Include="src\engine\platform\opengl\buffer\GLMeshVertexBuffer.h">
      <Filter>Header Files</Filter>
    </ClInclude>
    <ClInclude Include="src\engine\platform\opengl\buffer\GLPatchVertexBuffer.h">
      <Filter>Header Files</Filter>
    </ClInclude>
    <ClInclude Include="src\engine\platform\opengl\buffer\GLShaderStorageBuffer.h">
      <Filter>Header Files</Filter>
    </ClInclude>
    <ClInclude Include="src\engine\platform\opengl\capabilities\GLCapabilities.h">
      <Filter>Header Files</Filter>
    </ClInclude>
    <ClInclude Include="src\engine\platform\opengl\framework\context\GLContext.h">
      <Filter>Header Files</Filter>
    </ClInclude>
    <ClInclude Include="src\engine\platform\opengl\framework\swapchain\GLSwapchain.h">
      <Filter>Header Files</Filter>
    </ClInclude>
    <ClInclude Include="src\engine\platform\opengl\rendering\framebuffer\GLFramebuffer.h">
      <Filter>Header Files</Filter>
    </ClInclude>
    <ClInclude Include="src\engine\platform\opengl\rendering\pipeline\GLComputePipeline.h">
      <Filter>Header Files</Filter>
    </ClInclude>
    <ClInclude Include="src\engine\platform\opengl\rendering\pipeline\GLGraphicsPipeline.h">
      <Filter>Header Files</Filter>
    </ClInclude>
    <ClInclude Include="src\engine\platform\opengl\rendering\pipeline\GLPipeline.h">
      <Filter>Header Files</Filter>
    </ClInclude>
    <ClInclude Include="src\engine\platform\opengl\rendering\shaders\atmosphere\GLAtmosphereScatteringShader.h">
      <Filter>Header Files</Filter>
    </ClInclude>
    <ClInclude Include="src\engine\platform\opengl\rendering\shaders\atmosphere\GLAtmosphereShader.h">
      <Filter>Header Files</Filter>
    </ClInclude>
    <ClInclude Include="src\engine\platform\opengl\rendering\shaders\basic\GLBasicShader.h">
      <Filter>Header Files</Filter>
    </ClInclude>
    <ClInclude Include="src\engine\platform\opengl\rendering\shaders\environmentMap\GLBRDFIntegrateShader.h">
      <Filter>Header Files</Filter>
    </ClInclude>
    <ClInclude Include="src\engine\platform\opengl\rendering\shaders\environmentMap\GLEnvironmentMapShader.h">
      <Filter>Header Files</Filter>
    </ClInclude>
    <ClInclude Include="src\engine\platform\opengl\rendering\shaders\environmentMap\GLEnvironmentShader.h">
      <Filter>Header Files</Filter>
    </ClInclude>
    <ClInclude Include="src\engine\platform\opengl\rendering\shaders\environmentMap\GLIrradianceShader.h">
      <Filter>Header Files</Filter>
    </ClInclude>
    <ClInclude Include="src\engine\platform\opengl\rendering\shaders\environmentMap\GLPrefilterShader.h">
      <Filter>Header Files</Filter>
    </ClInclude>
    <ClInclude Include="src\engine\platform\opengl\rendering\shaders\gpgpu\GLNormalmapShader.h">
      <Filter>Header Files</Filter>
    </ClInclude>
    <ClInclude Include="src\engine\platform\opengl\rendering\shaders\gpgpu\GLSplatmapShader.h">
      <Filter>Header Files</Filter>
    </ClInclude>
    <ClInclude Include="src\engine\platform\opengl\rendering\shaders\gpgpu\GLTerrainHeightsShader.h">
      <Filter>Header Files</Filter>
    </ClInclude>
    <ClInclude Include="src\engine\platform\opengl\rendering\shaders\gui\GLGUIShader.h">
      <Filter>Header Files</Filter>
    </ClInclude>
    <ClInclude Include="src\engine\platform\opengl\rendering\shaders\pbr\GLPBRShader.h">
      <Filter>Header Files</Filter>
    </ClInclude>
    <ClInclude Include="src\engine\platform\opengl\rendering\shaders\terrain\GLTerrainShader.h">
      <Filter>Header Files</Filter>
    </ClInclude>
    <ClInclude Include="src\engine\platform\opengl\rendering\shaders\terrain\GLTerrainWireframeShader.h">
      <Filter>Header Files</Filter>
    </ClInclude>
    <ClInclude Include="src\engine\platform\opengl\rendering\shaders\GLShader.h">
      <Filter>Header Files</Filter>
    </ClInclude>
    <ClInclude Include="src\engine\platform\opengl\rendering\GLRenderer.h">
      <Filter>Header Files</Filter>
    </ClInclude>
    <ClInclude Include="src\engine\platform\opengl\texture\GLTexture.h">
      <Filter>Header Files</Filter>
    </ClInclude>
    <ClInclude Include="src\engine\platform\vulkan\buffer\VKBuffer.h">
      <Filter>Header Files</Filter>
    </ClInclude>
    <ClInclude Include="src\engine\platform\vulkan\buffer\VKMeshVertexBuffer.h">
      <Filter>Header Files</Filter>
    </ClInclude>
    <ClInclude Include="src\engine\platform\vulkan\capabilities\VKCapabilities.h">
      <Filter>Header Files</Filter>
    </ClInclude>
    <ClInclude Include="src\engine\platform\vulkan\framework\context\VKContext.h">
      <Filter>Header Files</Filter>
    </ClInclude>
    <ClInclude Include="src\engine\platform\vulkan\framework\context\VKDebugMessenger.h">
      <Filter>Header Files</Filter>
    </ClInclude>
    <ClInclude Include="src\engine\platform\vulkan\framework\context\VKInstance.h">
      <Filter>Header Files</Filter>
    </ClInclude>
    <ClInclude Include="src\engine\platform\vulkan\framework\device\VKDevice.h">
      <Filter>Header Files</Filter>
    </ClInclude>
    <ClInclude Include="src\engine\platform\vulkan\framework\device\VKPhysicalDevice.h">
      <Filter>Header Files</Filter>
    </ClInclude>
    <ClInclude Include="src\engine\platform\vulkan\framework\queue\VKQueue.h">
      <Filter>Header Files</Filter>
    </ClInclude>
    <ClInclude Include="src\engine\platform\vulkan\framework\surface\VKSurface.h">
      <Filter>Header Files</Filter>
    </ClInclude>
    <ClInclude Include="src\engine\platform\vulkan\framework\swapchain\VkSwapChain.h">
      <Filter>Header Files</Filter>
    </ClInclude>
    <ClInclude Include="src\engine\platform\vulkan\rendering\command\VKCommandBuffer.h">
      <Filter>Header Files</Filter>
    </ClInclude>
    <ClInclude Include="src\engine\platform\vulkan\rendering\command\VKCommandPool.h">
      <Filter>Header Files</Filter>
    </ClInclude>
    <ClInclude Include="src\engine\platform\vulkan\rendering\descriptors\VKDescriptorPool.h">
      <Filter>Header Files</Filter>
    </ClInclude>
    <ClInclude Include="src\engine\platform\vulkan\rendering\descriptors\VKDescriptorSet.h">
      <Filter>Header Files</Filter>
    </ClInclude>
    <ClInclude Include="src\engine\platform\vulkan\rendering\descriptors\VKDescriptorSetBinding.h">
      <Filter>Header Files</Filter>
    </ClInclude>
    <ClInclude Include="src\engine\platform\vulkan\rendering\framebuffer\VKFramebuffer.h">
      <Filter>Header Files</Filter>
    </ClInclude>
    <ClInclude Include="src\engine\platform\vulkan\rendering\pipeline\VKGraphicsPipeline.h">
      <Filter>Header Files</Filter>
    </ClInclude>
    <ClInclude Include="src\engine\platform\vulkan\rendering\pipeline\VkPipeline.h">
      <Filter>Header Files</Filter>
    </ClInclude>
    <ClInclude Include="src\engine\platform\vulkan\rendering\renderpass\VKRenderpass.h">
      <Filter>Header Files</Filter>
    </ClInclude>
    <ClInclude Include="src\engine\platform\vulkan\rendering\shaders\basic\VKBasicShader.h">
      <Filter>Header Files</Filter>
    </ClInclude>
    <ClInclude Include="src\engine\platform\vulkan\rendering\shaders\pbr\VKPBRShader.h">
      <Filter>Header Files</Filter>
    </ClInclude>
    <ClInclude Include="src\engine\platform\vulkan\rendering\shaders\VkShader.h">
      <Filter>Header Files</Filter>
    </ClInclude>
    <ClInclude Include="src\engine\platform\vulkan\rendering\synchronisation\VKFence.h">
      <Filter>Header Files</Filter>
    </ClInclude>
    <ClInclude Include="src\engine\platform\vulkan\rendering\synchronisation\VKSemaphore.h">
      <Filter>Header Files</Filter>
    </ClInclude>
    <ClInclude Include="src\engine\platform\vulkan\rendering\VKRenderer.h">
      <Filter>Header Files</Filter>
    </ClInclude>
    <ClInclude Include="src\engine\platform\vulkan\texture\VKTexture.h">
      <Filter>Header Files</Filter>
    </ClInclude>
    <ClInclude Include="src\engine\platform\vulkan\util\VKUtil.h">
      <Filter>Header Files</Filter>
    </ClInclude>
    <ClInclude Include="src\engine\platform\windows\WindowsInput.h">
      <Filter>Header Files</Filter>
    </ClInclude>
    <ClInclude Include="src\engine\platform\windows\WindowsWindow.h">
      <Filter>Header Files</Filter>
    </ClInclude>
    <ClInclude Include="src\engine\prehistoric\common\buffer\MeshVertexBuffer.h">
      <Filter>Header Files</Filter>
    </ClInclude>
    <ClInclude Include="src\engine\prehistoric\common\buffer\PatchVertexBuffer.h">
      <Filter>Header Files</Filter>
    </ClInclude>
    <ClInclude Include="src\engine\prehistoric\common\buffer\ShaderStorageBuffer.h">
      <Filter>Header Files</Filter>
    </ClInclude>
    <ClInclude Include="src\engine\prehistoric\common\buffer\VertexBuffer.h">
      <Filter>Header Files</Filter>
    </ClInclude>
    <ClInclude Include="src\engine\prehistoric\common\capabilities\Capabilities.h">
      <Filter>Header Files</Filter>
    </ClInclude>
    <ClInclude Include="src\engine\prehistoric\common\framework\context\Context.h">
      <Filter>Header Files</Filter>
    </ClInclude>
    <ClInclude Include="src\engine\prehistoric\common\framework\swapchain\Swapchain.h">
      <Filter>Header Files</Filter>
    </ClInclude>
    <ClInclude Include="src\engine\prehistoric\common\framework\CameraInput.h">
      <Filter>Header Files</Filter>
    </ClInclude>
    <ClInclude Include="src\engine\prehistoric\common\framework\Input.h">
      <Filter>Header Files</Filter>
    </ClInclude>
    <ClInclude Include="src\engine\prehistoric\common\framework\Window.h">
      <Filter>Header Files</Filter>
    </ClInclude>
    <ClInclude Include="src\engine\prehistoric\common\rendering\command\CommandBuffer.h">
      <Filter>Header Files</Filter>
    </ClInclude>
    <ClInclude Include="src\engine\prehistoric\common\rendering\framebuffer\Framebuffer.h">
      <Filter>Header Files</Filter>
    </ClInclude>
    <ClInclude Include="src\engine\prehistoric\common\rendering\pipeline\ComputePipeline.h">
      <Filter>Header Files</Filter>
    </ClInclude>
    <ClInclude Include="src\engine\prehistoric\common\rendering\pipeline\GraphicsPipeline.h">
      <Filter>Header Files</Filter>
    </ClInclude>
    <ClInclude Include="src\engine\prehistoric\common\rendering\pipeline\Pipeline.h">
      <Filter>Header Files</Filter>
    </ClInclude>
    <ClInclude Include="src\engine\prehistoric\common\rendering\pipeline\RayTracingPipeline.h">
      <Filter>Header Files</Filter>
    </ClInclude>
    <ClInclude Include="src\engine\prehistoric\common\rendering\shaders\Shader.h">
      <Filter>Header Files</Filter>
    </ClInclude>
    <ClInclude Include="src\engine\prehistoric\common\rendering\Renderer.h">
      <Filter>Header Files</Filter>
    </ClInclude>
    <ClInclude Include="src\engine\prehistoric\common\texture\Texture.h">
      <Filter>Header Files</Filter>
    </ClInclude>
    <ClInclude Include="src\engine\prehistoric\common\util\DeviceProperties.h">
      <Filter>Header Files</Filter>
    </ClInclude>
    <ClInclude Include="src\engine\prehistoric\common\util\InitDevice.h">
      <Filter>Header Files</Filter>
    </ClInclude>
    <ClInclude Include="src\engine\prehistoric\common\util\RenderUtils.h">
      <Filter>Header Files</Filter>
    </ClInclude>
    <ClInclude Include="src\engine\prehistoric\core\model\material\Material.h">
      <Filter>Header Files</Filter>
    </ClInclude>
    <ClInclude Include="src\engine\prehistoric\core\model\Mesh.h">
      <Filter>Header Files</Filter>
    </ClInclude>
    <ClInclude Include="src\engine\prehistoric\core\model\Transform.h">
      <Filter>Header Files</Filter>
    </ClInclude>
    <ClInclude Include="src\engine\prehistoric\core\model\Vertex.h">
      <Filter>Header Files</Filter>
    </ClInclude>
    <ClInclude Include="src\engine\prehistoric\core\util\codes\InputCode.h">
      <Filter>Header Files</Filter>
    </ClInclude>
    <ClInclude Include="src\engine\prehistoric\core\util\time\Time.h">
      <Filter>Header Files</Filter>
    </ClInclude>
    <ClInclude Include="src\engine\prehistoric\core\util\time\Timer.h">
      <Filter>Header Files</Filter>
    </ClInclude>
    <ClInclude Include="src\engine\prehistoric\core\util\Constants.h">
      <Filter>Header Files</Filter>
    </ClInclude>
    <ClInclude Include="src\engine\prehistoric\core\util\Includes.hpp">
      <Filter>Header Files</Filter>
    </ClInclude>
    <ClInclude Include="src\engine\prehistoric\core\util\ModelFabricator.h">
      <Filter>Header Files</Filter>
    </ClInclude>
    <ClInclude Include="src\engine\prehistoric\core\util\Util.h">
      <Filter>Header Files</Filter>
    </ClInclude>
    <ClInclude Include="src\engine\prehistoric\core\Engine.h">
      <Filter>Header Files</Filter>
    </ClInclude>
    <ClInclude Include="src\engine\prehistoric\CoreEngine.h">
      <Filter>Header Files</Filter>
    </ClInclude>
    <ClInclude Include="src\engine\platform\Platform.h">
      <Filter>Header Files</Filter>
    </ClInclude>
    <ClInclude Include="src\engine\Prehistoric.h">
      <Filter>Header Files</Filter>
    </ClInclude>
    <ClInclude Include="src\engine\prehistoric\core\resources\AssembledAssetManager.h">
      <Filter>Header Files</Filter>
    </ClInclude>
    <ClInclude Include="src\engine\prehistoric\core\resources\AssetManager.h">
      <Filter>Header Files</Filter>
    </ClInclude>
    <ClInclude Include="src\engine\prehistoric\core\resources\Factory.h">
      <Filter>Header Files</Filter>
    </ClInclude>
    <ClInclude Include="src\engine\prehistoric\core\scene\Scene.h">
      <Filter>Header Files</Filter>
    </ClInclude>
    <ClInclude Include="src\engine\prehistoric\core\config\AtmosphereConfig.h">
      <Filter>Header Files</Filter>
    </ClInclude>
    <ClInclude Include="src\engine\prehistoric\core\config\EngineConfig.h">
      <Filter>Header Files</Filter>
    </ClInclude>
    <ClInclude Include="src\engine\prehistoric\core\config\EnvironmentMapConfig.h">
      <Filter>Header Files</Filter>
    </ClInclude>
    <ClInclude Include="src\engine\prehistoric\core\config\FrameworkConfig.h">
      <Filter>Header Files</Filter>
    </ClInclude>
    <ClInclude Include="src\engine\prehistoric\core\config\TerrainConfig.h">
      <Filter>Header Files</Filter>
    </ClInclude>
    <ClInclude Include="src\engine\prehistoric\core\engines\AudioEngine.h">
      <Filter>Header Files</Filter>
    </ClInclude>
    <ClInclude Include="src\engine\prehistoric\core\engines\RenderingEngine.h">
      <Filter>Header Files</Filter>
    </ClInclude>
    <ClInclude Include="src\engine\prehistoric\core\modules\atmosphere\Atmosphere.h">
      <Filter>Header Files</Filter>
    </ClInclude>
    <ClInclude Include="src\engine\prehistoric\core\modules\environmentMapRenderer\EnvironmentMapRenderer.h">
      <Filter>Header Files</Filter>
    </ClInclude>
    <ClInclude Include="src\engine\prehistoric\core\modules\gpgpu\NormalMapRenderer.h">
      <Filter>Header Files</Filter>
    </ClInclude>
    <ClInclude Include="src\engine\prehistoric\core\modules\gpgpu\SplatMapRenderer.h">
      <Filter>Header Files</Filter>
    </ClInclude>
    <ClInclude Include="src\engine\prehistoric\core\modules\gpgpu\TerrainHeightsQuery.h">
      <Filter>Header Files</Filter>
    </ClInclude>
    <ClInclude Include="src\engine\prehistoric\core\modules\gui\button\GUIButton.h">
      <Filter>Header Files</Filter>
    </ClInclude>
    <ClInclude Include="src\engine\prehistoric\core\modules\gui\slider\GUISlider.h">
      <Filter>Header Files</Filter>
    </ClInclude>
    <ClInclude Include="src\engine\prehistoric\core\modules\gui\GUIElement.h">
      <Filter>Header Files</Filter>
    </ClInclude>
    <ClInclude Include="src\engine\prehistoric\core\modules\terrain\Terrain.h">
      <Filter>Header Files</Filter>
    </ClInclude>
    <ClInclude Include="src\engine\prehistoric\core\modules\terrain\TerrainMaps.h">
      <Filter>Header Files</Filter>
    </ClInclude>
    <ClInclude Include="src\engine\prehistoric\core\modules\terrain\TerrainNode.h">
      <Filter>Header Files</Filter>
    </ClInclude>
    <ClInclude Include="src\engine\prehistoric\core\modules\terrain\TerrainQuadtree.h">
      <Filter>Header Files</Filter>
    </ClInclude>
    <ClInclude Include="src\engine\prehistoric\core\node\GameObject.h">
      <Filter>Header Files</Filter>
    </ClInclude>
    <ClInclude Include="src\engine\prehistoric\core\node\Node.h">
      <Filter>Header Files</Filter>
    </ClInclude>
    <ClInclude Include="src\engine\prehistoric\core\node\component\audio\AudioComponent.h">
      <Filter>Header Files</Filter>
    </ClInclude>
    <ClInclude Include="src\engine\prehistoric\core\node\component\light\Light.h">
      <Filter>Header Files</Filter>
    </ClInclude>
    <ClInclude Include="src\engine\prehistoric\core\node\component\renderer\RenderableComponent.h">
      <Filter>Header Files</Filter>
    </ClInclude>
    <ClInclude Include="src\engine\prehistoric\core\node\component\renderer\RendererComponent.h">
      <Filter>Header Files</Filter>
    </ClInclude>
    <ClInclude Include="src\engine\prehistoric\core\node\component\Component.h">
      <Filter>Header Files</Filter>
    </ClInclude>
    <ClInclude Include="src\engine\prehistoric\core\scene\world\WorldLoader.h">
      <Filter>Header Files</Filter>
    </ClInclude>
    <ClInclude Include="src\engine\prehistoric\core\node\movement\Camera.h">
      <Filter>Header Files</Filter>
    </ClInclude>
    <ClInclude Include="src\engine\prehistoric\core\util\log\ColourCodes.h">
      <Filter>Header Files</Filter>
    </ClInclude>
    <ClInclude Include="src\engine\prehistoric\core\util\log\Log.h">
      <Filter>Header Files</Filter>
    </ClInclude>
    <ClInclude Include="src\engine\prehistoric\common\texture\TextureLoader.h">
      <Filter>Header Files</Filter>
    </ClInclude>
    <ClInclude Include="src\engine\prehistoric\core\util\math\Math.h">
      <Filter>Header Files</Filter>
    </ClInclude>
    <ClInclude Include="src\engine\prehistoric\core\util\math\MathT.h">
      <Filter>Header Files</Filter>
    </ClInclude>
    <ClInclude Include="src\engine\prehistoric\core\model\obj\OBJLoader.h">
      <Filter>Header Files</Filter>
    </ClInclude>
    <ClInclude Include="src\engine\prehistoric\application\EntryPoint.h">
      <Filter>Header Files</Filter>
    </ClInclude>
    <ClInclude Include="src\engine\prehistoric\application\Application.h">
      <Filter>Header Files</Filter>
    </ClInclude>
  </ItemGroup>
</Project>